<?xml version="1.0" encoding="utf-8"?>
<Project ToolsVersion="4.0" xmlns="http://schemas.microsoft.com/developer/msbuild/2003">
  <ItemGroup>
    <ClInclude Include="Inc\Common.h">
      <Filter>Inc</Filter>
    </ClInclude>
    <ClInclude Include="Inc\Core.h">
      <Filter>Inc</Filter>
    </ClInclude>
    <ClInclude Include="Src\Precompiled.h">
      <Filter>Src</Filter>
    </ClInclude>
    <ClInclude Include="Inc\Debug.h">
      <Filter>Inc</Filter>
    </ClInclude>
    <ClInclude Include="Inc\Window.h">
      <Filter>Inc</Filter>
    </ClInclude>
    <ClInclude Include="Inc\WindowMessageHandler.h">
      <Filter>Inc</Filter>
    </ClInclude>
    <ClInclude Include="Inc\BlockAllocator.h">
      <Filter>Inc\Memory</Filter>
    </ClInclude>
    <ClInclude Include="Inc\TypedAllocator.h">
      <Filter>Inc\Memory</Filter>
    </ClInclude>
    <ClInclude Include="Inc\Handle.h">
      <Filter>Inc\Memory</Filter>
    </ClInclude>
    <ClInclude Include="Inc\HandlePool.h">
      <Filter>Inc\Memory</Filter>
    </ClInclude>
    <ClInclude Include="Inc\MetaType.h">
      <Filter>Inc\Meta</Filter>
    </ClInclude>
    <ClInclude Include="Inc\MetaClass.h">
      <Filter>Inc\Meta</Filter>
    </ClInclude>
    <ClInclude Include="Inc\MetaField.h">
      <Filter>Inc\Meta</Filter>
    </ClInclude>
    <ClInclude Include="Inc\MetaPointer.h">
      <Filter>Inc\Meta</Filter>
    </ClInclude>
    <ClInclude Include="Inc\MetaArray.h">
      <Filter>Inc\Meta</Filter>
    </ClInclude>
    <ClInclude Include="Inc\MetaUtil.h">
      <Filter>Inc\Meta</Filter>
    </ClInclude>
    <ClInclude Include="Inc\Meta.h">
      <Filter>Inc\Meta</Filter>
    </ClInclude>
    <ClInclude Include="Inc\MetaRegistry.h">
      <Filter>Inc\Meta</Filter>
    </ClInclude>
    <ClInclude Include="Inc\MetaRegistration.h">
      <Filter>Inc\Meta</Filter>
    </ClInclude>
    <ClInclude Include="Inc\OctTree.h">
      <Filter>Inc\DataStructures</Filter>
    </ClInclude>
  </ItemGroup>
  <ItemGroup>
    <Filter Include="Inc">
      <UniqueIdentifier>{106d4770-ef8d-42a6-85c5-da7b68fe5824}</UniqueIdentifier>
    </Filter>
    <Filter Include="Src">
      <UniqueIdentifier>{f8bdd88a-9375-477b-9107-cfe9fbfd2fc5}</UniqueIdentifier>
    </Filter>
    <Filter Include="Inc\Memory">
      <UniqueIdentifier>{31c5f34d-1c0c-4ab3-8bd9-c2c7008fa25d}</UniqueIdentifier>
    </Filter>
    <Filter Include="Src\Memory">
      <UniqueIdentifier>{01cc973c-ba50-4002-9f20-31e1af6041e4}</UniqueIdentifier>
    </Filter>
    <Filter Include="Inc\Meta">
      <UniqueIdentifier>{2f3cafd0-c2a4-435a-be92-ea51e509a365}</UniqueIdentifier>
    </Filter>
    <Filter Include="Src\Meta">
      <UniqueIdentifier>{141cb11c-54d4-4eb1-a1d0-84f0f70c09eb}</UniqueIdentifier>
    </Filter>
    <Filter Include="Inc\DataStructures">
      <UniqueIdentifier>{e41fa044-a59a-4d08-80be-63e68f9dce3f}</UniqueIdentifier>
    </Filter>
  </ItemGroup>
  <ItemGroup>
    <ClCompile Include="Src\Precompiled.cpp">
      <Filter>Src</Filter>
    </ClCompile>
    <ClCompile Include="Src\Window.cpp">
      <Filter>Src</Filter>
    </ClCompile>
    <ClCompile Include="Src\WindowMessageHandler.cpp">
      <Filter>Src</Filter>
    </ClCompile>
    <ClCompile Include="Src\BlockAllocator.cpp">
      <Filter>Src\Memory</Filter>
    </ClCompile>
    <ClCompile Include="Src\MetaType.cpp">
      <Filter>Src\Meta</Filter>
    </ClCompile>
    <ClCompile Include="Src\MetaField.cpp">
      <Filter>Src\Meta</Filter>
    </ClCompile>
    <ClCompile Include="Src\MetaClass.cpp">
      <Filter>Src\Meta</Filter>
    </ClCompile>
    <ClCompile Include="Src\MetaPointer.cpp">
      <Filter>Src\Meta</Filter>
    </ClCompile>
    <ClCompile Include="Src\MetaArray.cpp">
      <Filter>Src\Meta</Filter>
    </ClCompile>
    <ClCompile Include="Src\MetaRegistry.cpp">
      <Filter>Src\Meta</Filter>
    </ClCompile>
    <ClCompile Include="Src\MetaRegistration.cpp">
      <Filter>Src\Meta</Filter>
    </ClCompile>
  </ItemGroup>
</Project>