<?xml version="1.0" encoding="utf-8"?>
<Project ToolsVersion="4.0" xmlns="http://schemas.microsoft.com/developer/msbuild/2003">
  <ItemGroup>
    <Filter Include="Inc">
      <UniqueIdentifier>{9cbcf6b6-6a50-40f8-92b4-0adab26c79a5}</UniqueIdentifier>
    </Filter>
    <Filter Include="Src">
      <UniqueIdentifier>{7f58d225-d7e8-491a-9149-6784c919bc48}</UniqueIdentifier>
    </Filter>
    <Filter Include="Inc\Components">
      <UniqueIdentifier>{467d59f1-4d9c-4d09-b640-769aff35fa2a}</UniqueIdentifier>
    </Filter>
    <Filter Include="Inc\GameObject">
      <UniqueIdentifier>{025b1d55-9619-434b-90db-4be6f8763e86}</UniqueIdentifier>
    </Filter>
    <Filter Include="Src\Components">
      <UniqueIdentifier>{009bb1ea-8e8d-4715-a54c-5864848468cc}</UniqueIdentifier>
    </Filter>
    <Filter Include="Inc\TemplateClasses">
      <UniqueIdentifier>{90afb759-7789-4ee7-85a6-608b41348aba}</UniqueIdentifier>
    </Filter>
    <Filter Include="Inc\TemplateClasses\SteeringBehavours">
      <UniqueIdentifier>{a9f64e71-0f02-4571-936d-fba18208e036}</UniqueIdentifier>
    </Filter>
    <Filter Include="Src\TemplateClasses">
      <UniqueIdentifier>{295f3268-f466-4475-8cdf-6972358af3fe}</UniqueIdentifier>
    </Filter>
    <Filter Include="Src\TemplateClasses\SteeringBehaviours">
      <UniqueIdentifier>{59b455bf-c603-4e34-889e-ac36c35417c9}</UniqueIdentifier>
    </Filter>
    <Filter Include="Inc\Service">
      <UniqueIdentifier>{7f70bd26-ee8c-4b1f-8a22-0a43f2814582}</UniqueIdentifier>
    </Filter>
    <Filter Include="Src\Services">
      <UniqueIdentifier>{3d20d843-0280-4b9a-a2e0-8511cc282092}</UniqueIdentifier>
    </Filter>
    <Filter Include="Src\Meta">
      <UniqueIdentifier>{7c22547e-dd16-4bb9-a21b-81e6f4d9990e}</UniqueIdentifier>
    </Filter>
    <Filter Include="Inc\Editor">
      <UniqueIdentifier>{df7ce6df-458d-46d0-bbd8-99340dd2d402}</UniqueIdentifier>
    </Filter>
    <Filter Include="Src\Editor">
      <UniqueIdentifier>{151d25c6-8628-42b9-96dd-659554701cf0}</UniqueIdentifier>
    </Filter>
    <Filter Include="Inc\Services">
      <UniqueIdentifier>{c353a5d0-3b80-4b3b-afa0-caee84e44231}</UniqueIdentifier>
    </Filter>
    <Filter Include="Inc\Components\Math">
      <UniqueIdentifier>{a35e4582-72b9-4400-837c-594aa7686f5e}</UniqueIdentifier>
    </Filter>
    <Filter Include="Inc\Components\Graphics">
      <UniqueIdentifier>{28318fb4-2ece-462a-babd-3c91ab7c5155}</UniqueIdentifier>
    </Filter>
    <Filter Include="Inc\Components\AI">
      <UniqueIdentifier>{27c0261a-2284-4a7b-a89a-766758626f8f}</UniqueIdentifier>
    </Filter>
    <Filter Include="Inc\Components\Physics">
      <UniqueIdentifier>{94ca8a9d-63e3-452b-b8b1-edfc5230b01f}</UniqueIdentifier>
    </Filter>
    <Filter Include="Src\Components\AI">
      <UniqueIdentifier>{afcc941b-d0e4-4b36-b445-d5baaa7c22ab}</UniqueIdentifier>
    </Filter>
    <Filter Include="Src\Components\Graphics">
      <UniqueIdentifier>{d4a4fd39-9251-4df4-ad85-f17f1a2dc446}</UniqueIdentifier>
    </Filter>
    <Filter Include="Src\Components\Math">
      <UniqueIdentifier>{a1b7ff8e-17e2-40e1-ba45-5fb4616113cd}</UniqueIdentifier>
    </Filter>
    <Filter Include="Src\Components\Physics">
      <UniqueIdentifier>{d35ec185-5cb9-4be3-8a8e-b2b667b5a081}</UniqueIdentifier>
    </Filter>
  </ItemGroup>
  <ItemGroup>
    <ClInclude Include="Inc\Common.h">
      <Filter>Inc</Filter>
    </ClInclude>
    <ClInclude Include="Inc\Vishv.h">
      <Filter>Inc</Filter>
    </ClInclude>
    <ClInclude Include="Src\Precompiled.h">
      <Filter>Src</Filter>
    </ClInclude>
    <ClInclude Include="Inc\App.h">
      <Filter>Inc</Filter>
    </ClInclude>
    <ClInclude Include="Inc\AppState.h">
      <Filter>Inc</Filter>
    </ClInclude>
    <ClInclude Include="Inc\GlobalHeaders.h">
      <Filter>Inc</Filter>
    </ClInclude>
    <ClInclude Include="Inc\imfilebrowser.h">
      <Filter>Inc</Filter>
    </ClInclude>
    <ClInclude Include="Inc\GameObject.h">
      <Filter>Inc\GameObject</Filter>
    </ClInclude>
    <ClInclude Include="Inc\GameObjectFactory.h">
      <Filter>Inc\GameObject</Filter>
    </ClInclude>
    <ClInclude Include="Inc\Component.h">
      <Filter>Inc\GameObject</Filter>
    </ClInclude>
    <ClInclude Include="Inc\GameWorld.h">
      <Filter>Inc</Filter>
    </ClInclude>
    <ClInclude Include="Inc\SteeringBehaviour_Evade.h">
      <Filter>Inc\TemplateClasses\SteeringBehavours</Filter>
    </ClInclude>
    <ClInclude Include="Inc\SteeringBehaviour_Flee.h">
      <Filter>Inc\TemplateClasses\SteeringBehavours</Filter>
    </ClInclude>
    <ClInclude Include="Inc\SteeringBehaviour_Flocking.h">
      <Filter>Inc\TemplateClasses\SteeringBehavours</Filter>
    </ClInclude>
    <ClInclude Include="Inc\SteeringBehaviour_ObstacleAvoidance.h">
      <Filter>Inc\TemplateClasses\SteeringBehavours</Filter>
    </ClInclude>
    <ClInclude Include="Inc\SteeringBehaviour_Pursuit.h">
      <Filter>Inc\TemplateClasses\SteeringBehavours</Filter>
    </ClInclude>
    <ClInclude Include="Inc\SteeringBehaviour_Seek.h">
      <Filter>Inc\TemplateClasses\SteeringBehavours</Filter>
    </ClInclude>
    <ClInclude Include="Inc\SteeringBehaviour_Wander.h">
      <Filter>Inc\TemplateClasses\SteeringBehavours</Filter>
    </ClInclude>
    <ClInclude Include="Inc\SteeringBehaviour_Arrive.h">
      <Filter>Inc\TemplateClasses\SteeringBehavours</Filter>
    </ClInclude>
    <ClInclude Include="Inc\Service.h">
      <Filter>Inc\Service</Filter>
    </ClInclude>
    <ClInclude Include="Inc\MetaRegistration.h">
      <Filter>Src\Meta</Filter>
    </ClInclude>
    <ClInclude Include="Inc\Editor.h">
      <Filter>Inc\Editor</Filter>
    </ClInclude>
    <ClInclude Include="Inc\AIWorldService.h">
      <Filter>Inc\Services</Filter>
    </ClInclude>
    <ClInclude Include="Inc\AIAgent.h">
      <Filter>Inc\Components\AI</Filter>
    </ClInclude>
    <ClInclude Include="Inc\AIPathFinding.h">
      <Filter>Inc\Components\AI</Filter>
    </ClInclude>
    <ClInclude Include="Inc\AIStateMachine.h">
      <Filter>Inc\Components\AI</Filter>
    </ClInclude>
    <ClInclude Include="Inc\AISteering.h">
      <Filter>Inc\Components\AI</Filter>
    </ClInclude>
    <ClInclude Include="Inc\MeshComponent.h">
      <Filter>Inc\Components\Graphics</Filter>
    </ClInclude>
    <ClInclude Include="Inc\ModelAnimation.h">
      <Filter>Inc\Components\Graphics</Filter>
    </ClInclude>
    <ClInclude Include="Inc\ThirdPersonControllerComponent.h">
      <Filter>Inc\Components\Graphics</Filter>
    </ClInclude>
    <ClInclude Include="Inc\TransformComponent.h">
      <Filter>Inc\Components\Math</Filter>
    </ClInclude>
    <ClInclude Include="Inc\OBBColliderComponent.h">
      <Filter>Inc\Components\Physics</Filter>
    </ClInclude>
    <ClInclude Include="Inc\SphereColliderComponent.h">
      <Filter>Inc\Components\Physics</Filter>
    </ClInclude>
    <ClInclude Include="Inc\CapsuleColliderComponent.h">
      <Filter>Inc\Components\Physics</Filter>
    </ClInclude>
    <ClInclude Include="Inc\PhysicsWorldService.h">
      <Filter>Inc\Services</Filter>
    </ClInclude>
    <ClInclude Include="Inc\RigidBodyComponent.h">
      <Filter>Inc\Components\Physics</Filter>
    </ClInclude>
    <ClInclude Include="Inc\CameraService.h">
      <Filter>Inc\Services</Filter>
    </ClInclude>
    <ClInclude Include="Inc\CameraComponent.h">
      <Filter>Inc\Components\Graphics</Filter>
    </ClInclude>
    <ClInclude Include="Inc\Animation3D.h">
      <Filter>Inc\Components\Graphics</Filter>
    </ClInclude>
    <ClInclude Include="Inc\Model3D.h">
      <Filter>Inc\Components\Graphics</Filter>
    </ClInclude>
    <ClInclude Include="Inc\GizmoIm.h">
      <Filter>Inc\Editor</Filter>
    </ClInclude>
    <ClInclude Include="Inc\EditorRenderToWindow.h">
      <Filter>Inc\Editor</Filter>
    </ClInclude>
    <ClInclude Include="Inc\ModelService.h">
      <Filter>Inc\Services</Filter>
    </ClInclude>
  </ItemGroup>
  <ItemGroup>
    <ClCompile Include="Src\Precompiled.cpp">
      <Filter>Src</Filter>
    </ClCompile>
    <ClCompile Include="Src\App.cpp">
      <Filter>Src</Filter>
    </ClCompile>
    <ClCompile Include="Src\Vishv.cpp">
      <Filter>Src</Filter>
    </ClCompile>
    <ClCompile Include="Src\GameObject.cpp">
      <Filter>Src</Filter>
    </ClCompile>
    <ClCompile Include="Src\Component.cpp">
      <Filter>Src</Filter>
    </ClCompile>
    <ClCompile Include="Src\GameObjectFactory.cpp">
      <Filter>Src</Filter>
    </ClCompile>
    <ClCompile Include="Src\GameWorld.cpp">
      <Filter>Src</Filter>
    </ClCompile>
    <ClCompile Include="Src\Steering_Arrive.cpp">
      <Filter>Src\TemplateClasses\SteeringBehaviours</Filter>
    </ClCompile>
    <ClCompile Include="Src\Steering_Evade.cpp">
      <Filter>Src\TemplateClasses\SteeringBehaviours</Filter>
    </ClCompile>
    <ClCompile Include="Src\Steering_Flee.cpp">
      <Filter>Src\TemplateClasses\SteeringBehaviours</Filter>
    </ClCompile>
    <ClCompile Include="Src\Steering_Flocking.cpp">
      <Filter>Src\TemplateClasses\SteeringBehaviours</Filter>
    </ClCompile>
    <ClCompile Include="Src\Steering_ObstacleAvoidance.cpp">
      <Filter>Src\TemplateClasses\SteeringBehaviours</Filter>
    </ClCompile>
    <ClCompile Include="Src\Steering_Pursuit.cpp">
      <Filter>Src\TemplateClasses\SteeringBehaviours</Filter>
    </ClCompile>
    <ClCompile Include="Src\Steering_Seek.cpp">
      <Filter>Src\TemplateClasses\SteeringBehaviours</Filter>
    </ClCompile>
    <ClCompile Include="Src\Steering_Wander.cpp">
      <Filter>Src\TemplateClasses\SteeringBehaviours</Filter>
    </ClCompile>
    <ClCompile Include="Src\Service.cpp">
      <Filter>Src\Services</Filter>
    </ClCompile>
    <ClCompile Include="Src\MetaRegistration.cpp">
      <Filter>Src\Meta</Filter>
    </ClCompile>
    <ClCompile Include="Src\Editor.cpp">
      <Filter>Src\Editor</Filter>
    </ClCompile>
    <ClCompile Include="Src\AIAgent.cpp">
      <Filter>Src\Components\AI</Filter>
    </ClCompile>
    <ClCompile Include="Src\AIPathFinding.cpp">
      <Filter>Src\Components\AI</Filter>
    </ClCompile>
    <ClCompile Include="Src\AIStatemachine.cpp">
      <Filter>Src\Components\AI</Filter>
    </ClCompile>
    <ClCompile Include="Src\AISteering.cpp">
      <Filter>Src\Components\AI</Filter>
    </ClCompile>
    <ClCompile Include="Src\MeshComponent.cpp">
      <Filter>Src\Components\Graphics</Filter>
    </ClCompile>
    <ClCompile Include="Src\ThirdPersonControllerComponent.cpp">
      <Filter>Src\Components\Graphics</Filter>
    </ClCompile>
    <ClCompile Include="Src\ModelAnimation.cpp">
      <Filter>Src\Components\Graphics</Filter>
    </ClCompile>
    <ClCompile Include="Src\TransformComponent.cpp">
      <Filter>Src\Components\Math</Filter>
    </ClCompile>
    <ClCompile Include="Src\ColliderComponent.cpp">
      <Filter>Src\Components\Physics</Filter>
    </ClCompile>
    <ClCompile Include="Src\OBBColliderComponent.cpp">
      <Filter>Src\Components\Physics</Filter>
    </ClCompile>
    <ClCompile Include="Src\AIWorldService.cpp">
      <Filter>Src\Services</Filter>
    </ClCompile>
    <ClCompile Include="Src\SphereColliderComponent.cpp">
      <Filter>Src\Components\Physics</Filter>
    </ClCompile>
    <ClCompile Include="Src\CapsuleColliderComponent.cpp">
      <Filter>Src\Components\Physics</Filter>
    </ClCompile>
    <ClCompile Include="Src\PhysicsWorldService.cpp">
      <Filter>Src\Services</Filter>
    </ClCompile>
    <ClCompile Include="Src\RigidBodyComponent.cpp">
      <Filter>Src\Components\Physics</Filter>
    </ClCompile>
    <ClCompile Include="Src\CameraService.cpp">
      <Filter>Src\Services</Filter>
    </ClCompile>
    <ClCompile Include="Src\CameraComponent.cpp">
      <Filter>Src\Components\Graphics</Filter>
    </ClCompile>
    <ClCompile Include="Src\AppState.cpp">
      <Filter>Src</Filter>
    </ClCompile>
    <ClCompile Include="Src\Model3d.cpp">
      <Filter>Src\Components\Graphics</Filter>
    </ClCompile>
    <ClCompile Include="Src\Animation3D.cpp">
      <Filter>Src\Components\Graphics</Filter>
    </ClCompile>
    <ClCompile Include="Src\GizmoIm.cpp">
      <Filter>Src\Editor</Filter>
    </ClCompile>
    <ClCompile Include="Src\EditorRenderToWindow.cpp">
      <Filter>Src\Editor</Filter>
    </ClCompile>
    <ClCompile Include="Src\ModelService.cpp">
      <Filter>Src\Services</Filter>
    </ClCompile>
  </ItemGroup>
</Project>