<?xml version="1.0" encoding="utf-8"?>
<Project ToolsVersion="4.0" xmlns="http://schemas.microsoft.com/developer/msbuild/2003">
  <ItemGroup>
    <Filter Include="Inc">
      <UniqueIdentifier>{d1b6c887-404b-4834-a905-c8114ef2abaa}</UniqueIdentifier>
    </Filter>
    <Filter Include="Src">
      <UniqueIdentifier>{14a807d7-9aec-4b68-aa17-3f1d456738ca}</UniqueIdentifier>
    </Filter>
    <Filter Include="Inc\Collision">
      <UniqueIdentifier>{7d7964e4-55fb-4680-be7e-706c35cb19a9}</UniqueIdentifier>
    </Filter>
    <Filter Include="Inc\Collision\Broad Collision">
      <UniqueIdentifier>{c1e8a4b1-2db0-4e20-96ba-a503c8b663dd}</UniqueIdentifier>
    </Filter>
    <Filter Include="Inc\Collision\Collisders">
      <UniqueIdentifier>{6d235380-0400-4bb4-a598-54278f82f330}</UniqueIdentifier>
    </Filter>
    <Filter Include="Src\Collision">
      <UniqueIdentifier>{87b0b602-1b4d-4c76-8742-2a5433ea067c}</UniqueIdentifier>
    </Filter>
    <Filter Include="Src\Collision\Broad Collision">
      <UniqueIdentifier>{02912ea0-869b-471b-bfac-f692e589c680}</UniqueIdentifier>
    </Filter>
    <Filter Include="Src\Collision\Colliders">
      <UniqueIdentifier>{dbfe5efb-f2b8-4408-926c-12c356cbd816}</UniqueIdentifier>
    </Filter>
  </ItemGroup>
  <ItemGroup>
    <ClInclude Include="Src\Precompiled.h">
      <Filter>Src</Filter>
    </ClInclude>
    <ClInclude Include="Inc\ShapeCollision.h">
      <Filter>Inc</Filter>
    </ClInclude>
    <ClInclude Include="Inc\Common.h">
      <Filter>Inc</Filter>
    </ClInclude>
    <ClInclude Include="Inc\RayCast.h">
      <Filter>Inc</Filter>
    </ClInclude>
    <ClInclude Include="Inc\PhysicsWorld.h">
      <Filter>Inc</Filter>
    </ClInclude>
    <ClInclude Include="Inc\Physics.h">
      <Filter>Inc</Filter>
    </ClInclude>
    <ClInclude Include="Inc\Ray.h">
      <Filter>Inc</Filter>
    </ClInclude>
    <ClInclude Include="Inc\Octree.h">
      <Filter>Inc\Collision\Broad Collision</Filter>
    </ClInclude>
    <ClInclude Include="Inc\RigidBody.h">
      <Filter>Inc\Collision</Filter>
    </ClInclude>
    <ClInclude Include="Inc\AxisAlignedBoundingBox.h">
      <Filter>Inc\Collision\Collisders</Filter>
    </ClInclude>
    <ClInclude Include="Inc\Collider.h">
      <Filter>Inc\Collision\Collisders</Filter>
    </ClInclude>
    <ClInclude Include="Inc\SphereCollider.h">
      <Filter>Inc\Collision\Collisders</Filter>
    </ClInclude>
    <ClInclude Include="Inc\AABBInt.h">
      <Filter>Inc\Collision\Collisders</Filter>
    </ClInclude>
    <ClInclude Include="Inc\OrientedBoundingBox.h">
      <Filter>Inc\Collision\Collisders</Filter>
    </ClInclude>
  </ItemGroup>
  <ItemGroup>
    <ClCompile Include="Src\Precompiled.cpp">
      <Filter>Src</Filter>
    </ClCompile>
    <ClCompile Include="Src\ShapeCollision.cpp">
      <Filter>Src</Filter>
    </ClCompile>
    <ClCompile Include="Src\Raycast.cpp">
      <Filter>Src</Filter>
    </ClCompile>
    <ClCompile Include="Src\PhysicsWorld.cpp">
      <Filter>Src</Filter>
    </ClCompile>
    <ClCompile Include="Src\Collider.cpp">
      <Filter>Src\Collision\Colliders</Filter>
    </ClCompile>
    <ClCompile Include="Src\AxisAlignedBoundingBox.cpp">
      <Filter>Src\Collision\Colliders</Filter>
    </ClCompile>
    <ClCompile Include="Src\SphereCollider.cpp">
      <Filter>Src\Collision\Colliders</Filter>
    </ClCompile>
    <ClCompile Include="Src\Octree.cpp">
      <Filter>Src\Collision\Broad Collision</Filter>
    </ClCompile>
    <ClCompile Include="Src\OrientedBoundingBox.cpp">
      <Filter>Src\Collision\Colliders</Filter>
    </ClCompile>
  </ItemGroup>
</Project>