
Microsoft Visual Studio Solution File, Format Version 12.00
# Visual Studio Version 16
VisualStudioVersion = 16.0.29911.84
MinimumVisualStudioVersion = 10.0.40219.1
Project("{2150E333-8FDC-42A3-9474-1A3956D46DE8}") = "Framework", "Framework", "{EAD91C21-60F1-4565-B701-5CC511C83E4F}"
EndProject
Project("{2150E333-8FDC-42A3-9474-1A3956D46DE8}") = "UnitTests", "UnitTests", "{C6B47672-C197-4012-B117-BA2F17A9CFAC}"
EndProject
Project("{2150E333-8FDC-42A3-9474-1A3956D46DE8}") = "VGP 242 3D Graphics", "VGP 242 3D Graphics", "{AEE32666-1FF4-4448-93F6-70F6D7D215DA}"
EndProject
Project("{8BC9CEB8-8B4A-11D0-8D11-00A0C91BC942}") = "00_HelloWorld", "VGP242_3D_Graphics\00_HelloWorld\00_HelloWorld.vcxproj", "{6FA7760C-0BAB-4DE1-AD1E-852503B4CC5F}"
EndProject
Project("{8BC9CEB8-8B4A-11D0-8D11-00A0C91BC942}") = "01_HelloWindow", "VGP242_3D_Graphics\01_HelloWindow\01_HelloWindow.vcxproj", "{8301C749-3D75-4178-939D-756E28EBB382}"
EndProject
Project("{8BC9CEB8-8B4A-11D0-8D11-00A0C91BC942}") = "02_HelloTriangle", "VGP242_3D_Graphics\02_HelloTriangle\02_HelloTriangle.vcxproj", "{8F3F8401-8076-4911-85B8-7D6F0B1D40AA}"
EndProject
Project("{2150E333-8FDC-42A3-9474-1A3956D46DE8}") = "Assets", "Assets", "{F19D9E2F-D692-463B-8F37-DE945C12B1C4}"
EndProject
Project("{2150E333-8FDC-42A3-9474-1A3956D46DE8}") = "Shaders", "Shaders", "{B6E3F301-1B15-4555-9015-6641AD02C854}"
	ProjectSection(SolutionItems) = preProject
		Assets\Shaders\Blur.fx = Assets\Shaders\Blur.fx
		Assets\Shaders\CellShader.fx = Assets\Shaders\CellShader.fx
		Assets\Shaders\DoLighting.fx = Assets\Shaders\DoLighting.fx
		Assets\Shaders\DoNothing.fx = Assets\Shaders\DoNothing.fx
		Assets\Shaders\DoSomething.fx = Assets\Shaders\DoSomething.fx
		Assets\Shaders\Merge.fx = Assets\Shaders\Merge.fx
		Assets\Shaders\Particle.fx = Assets\Shaders\Particle.fx
		Assets\Shaders\PostProcessing.fx = Assets\Shaders\PostProcessing.fx
		Assets\Shaders\SimpleDrawShader.fx = Assets\Shaders\SimpleDrawShader.fx
		Assets\Shaders\Skining.fx = Assets\Shaders\Skining.fx
		Assets\Shaders\Standard.fx = Assets\Shaders\Standard.fx
		Assets\Shaders\Texturing.fx = Assets\Shaders\Texturing.fx
	EndProjectSection
EndProject
Project("{8BC9CEB8-8B4A-11D0-8D11-00A0C91BC942}") = "03_HelloShapes", "VGP242_3D_Graphics\03_HelloShapes\03_HelloShapes.vcxproj", "{EA543983-9395-4332-B89A-82CB27AF1321}"
EndProject
Project("{8BC9CEB8-8B4A-11D0-8D11-00A0C91BC942}") = "04_HelloCube", "VGP242_3D_Graphics\04_HelloCube\04_HelloCube.vcxproj", "{9A145036-5060-497A-883A-8C4C7FFD4907}"
EndProject
Project("{8BC9CEB8-8B4A-11D0-8D11-00A0C91BC942}") = "04_HelloCube_3", "VGP242_3D_Graphics\04_HelloCube_3\04_HelloCube_3.vcxproj", "{26F95C66-3C81-4F7E-9C12-7C9C131B1248}"
EndProject
Project("{2150E333-8FDC-42A3-9474-1A3956D46DE8}") = "External", "External", "{83ACA0E7-E7E8-4F25-814D-753F6C4B9849}"
EndProject
Project("{8BC9CEB8-8B4A-11D0-8D11-00A0C91BC942}") = "DirectXTK_Desktop_2017", "External\DirectXTK\DirectXTK_Desktop_2017.vcxproj", "{E0B52AE7-E160-4D32-BF3F-910B785E5A8E}"
EndProject
Project("{8BC9CEB8-8B4A-11D0-8D11-00A0C91BC942}") = "DirectXTKAudio_Desktop_2017_Win8", "External\DirectXTK\Audio\DirectXTKAudio_Desktop_2017_Win8.vcxproj", "{4F150A30-CECB-49D1-8283-6A3F57438CF5}"
EndProject
Project("{8BC9CEB8-8B4A-11D0-8D11-00A0C91BC942}") = "05_HelloTextureMapping", "VGP242_3D_Graphics\05_HelloTextureMapping\05_HelloTextureMapping.vcxproj", "{0C303866-5F23-4662-B7E7-8AD0398307FB}"
EndProject
Project("{8BC9CEB8-8B4A-11D0-8D11-00A0C91BC942}") = "06_SolarSystem", "VGP242_3D_Graphics\06_SolarSystem\06_SolarSystem.vcxproj", "{D884534F-C580-49EE-A6CC-E10E4CA35BEA}"
EndProject
Project("{2150E333-8FDC-42A3-9474-1A3956D46DE8}") = "Physics Simulations", "Physics Simulations", "{40AB5446-672C-4461-8DD2-B754814845A9}"
EndProject
Project("{2150E333-8FDC-42A3-9474-1A3956D46DE8}") = "VGP 330 Real Time GPU", "VGP 330 Real Time GPU", "{4367C277-AC6D-4A02-A142-ABB0AB852A64}"
EndProject
Project("{2150E333-8FDC-42A3-9474-1A3956D46DE8}") = "VGP 332 AI", "VGP 332 AI", "{E368F375-64B8-43AC-832C-F350212F4F63}"
EndProject
Project("{8BC9CEB8-8B4A-11D0-8D11-00A0C91BC942}") = "ImGui", "External\ImGui\ImGui.vcxproj", "{00B3EB27-4C83-4180-A22A-0D8E410F8D8D}"
EndProject
Project("{2150E333-8FDC-42A3-9474-1A3956D46DE8}") = "Engine", "Engine", "{63984726-3DEC-4A7E-963C-8FFFCEA3BE63}"
EndProject
Project("{8BC9CEB8-8B4A-11D0-8D11-00A0C91BC942}") = "Vishv", "Engine\Vishv\Vishv.vcxproj", "{B5D642E0-5F12-454E-A7A9-9EECE93D6051}"
EndProject
Project("{2150E333-8FDC-42A3-9474-1A3956D46DE8}") = "Global Objects and setup", "Global Objects and setup", "{B80B97D2-30A2-41AA-88F7-928D00BAACA6}"
EndProject
Project("{2150E333-8FDC-42A3-9474-1A3956D46DE8}") = "Tools", "Tools", "{547216F7-4277-4B5D-86F7-90BD1E68BE15}"
EndProject
Project("{8BC9CEB8-8B4A-11D0-8D11-00A0C91BC942}") = "ModelImporter", "Tools\ModelImporter\ModelImporter.vcxproj", "{C0E750BE-BA31-43BC-BE44-9341F5566BE5}"
EndProject
Project("{8BC9CEB8-8B4A-11D0-8D11-00A0C91BC942}") = "01_HelloSimpleDraw", "VGP330_Real_Time_GPU_Programming\01_HelloSimpleDraw\01_HelloSimpleDraw.vcxproj", "{BA5976A1-8F4D-4E09-B3E2-522D9014B5ED}"
EndProject
Project("{8BC9CEB8-8B4A-11D0-8D11-00A0C91BC942}") = "02_Hello_ImGui", "VGP330_Real_Time_GPU_Programming\02_Hello_ImGui\02_Hello_ImGui.vcxproj", "{FDDCDC18-6798-4660-B914-562D90A4D7A2}"
EndProject
Project("{8BC9CEB8-8B4A-11D0-8D11-00A0C91BC942}") = "03_Hello_Sprite", "VGP330_Real_Time_GPU_Programming\03_Hello_Sprite\03_Hello_Sprite.vcxproj", "{383ECBAD-E66D-4AA1-9024-A37A41FE823C}"
EndProject
Project("{8BC9CEB8-8B4A-11D0-8D11-00A0C91BC942}") = "04_Hello_Lighting", "VGP330_Real_Time_GPU_Programming\04_Hello_Lighting\04_Hello_Lighting.vcxproj", "{C3382180-4C5F-4FEE-8F33-A09A5F60AC3A}"
EndProject
Project("{8BC9CEB8-8B4A-11D0-8D11-00A0C91BC942}") = "05_HelloPostProcessing", "VGP330_Real_Time_GPU_Programming\05_HelloPostProcessing\05_HelloPostProcessing.vcxproj", "{6F6AD4EE-B9A3-44D5-A070-867A58C66FD2}"
EndProject
Project("{8BC9CEB8-8B4A-11D0-8D11-00A0C91BC942}") = "01_Hello_PathFinding", "VGP332_AI\01_Hello_PathFinding\01_Hello_PathFinding.vcxproj", "{0342C63A-5283-4267-AD57-A9FBAE2C7602}"
EndProject
Project("{8BC9CEB8-8B4A-11D0-8D11-00A0C91BC942}") = "01_HelloBallistic", "VGP_Physics\01_HelloBallistic\01_HelloBallistic.vcxproj", "{763F7492-1C1F-482D-A8BB-9082CCA570BA}"
EndProject
Project("{8BC9CEB8-8B4A-11D0-8D11-00A0C91BC942}") = "02_HelloFireworks", "VGP_Physics\01_HelloFireworks\01_HelloFireworks.vcxproj", "{22C2AF84-8B3A-429E-BBA3-A4214C665622}"
EndProject
Project("{8BC9CEB8-8B4A-11D0-8D11-00A0C91BC942}") = "03_HelloParticles", "VGP_Physics\03_HelloParticles\03_HelloParticles.vcxproj", "{9DE44775-FD6E-4312-BF4A-5C533C3AEE39}"
EndProject
Project("{2150E333-8FDC-42A3-9474-1A3956D46DE8}") = "VGP 334 Animation", "VGP 334 Animation", "{88789A52-6556-432F-85A3-AB07AD8F9638}"
EndProject
Project("{8BC9CEB8-8B4A-11D0-8D11-00A0C91BC942}") = "01_ModelImport", "VGP334_Animation\01_ModelImport\01_ModelImport.vcxproj", "{68863FB5-4BC2-4A9F-83F7-E5E0BA23F450}"
EndProject
Project("{8BC9CEB8-8B4A-11D0-8D11-00A0C91BC942}") = "AI", "Framework\AI\AI.vcxproj", "{9DF70B1D-F60E-47FC-AFC7-CC7B5D42646D}"
EndProject
Project("{8BC9CEB8-8B4A-11D0-8D11-00A0C91BC942}") = "Core", "Framework\Core\Core.vcxproj", "{898814B7-1843-4D0E-9F49-8EBCF4A04F2F}"
EndProject
Project("{8BC9CEB8-8B4A-11D0-8D11-00A0C91BC942}") = "Graphics", "Framework\Graphics\Graphics.vcxproj", "{6C1A32E2-2DE9-4BE7-9B7C-9BCCD7D44418}"
EndProject
Project("{8BC9CEB8-8B4A-11D0-8D11-00A0C91BC942}") = "Input", "Framework\Input\Input.vcxproj", "{02DC0CE5-72DF-4F89-8AF2-FF9C0E351A1A}"
EndProject
Project("{8BC9CEB8-8B4A-11D0-8D11-00A0C91BC942}") = "Math", "Framework\Math\Math.vcxproj", "{29DCC40E-52D8-4D9E-88B4-86E1E4EB3B77}"
EndProject
Project("{8BC9CEB8-8B4A-11D0-8D11-00A0C91BC942}") = "Physics", "Framework\Physics\Physics.vcxproj", "{A5FC936B-F16F-48C5-8768-41D90669E0FC}"
EndProject
Project("{2150E333-8FDC-42A3-9474-1A3956D46DE8}") = "PhysX", "PhysX", "{FE71FD78-1DEA-41ED-B596-6CE129EE8219}"
EndProject
Project("{8BC9CEB8-8B4A-11D0-8D11-00A0C91BC942}") = "ZERO_CHECK", "External\PhysX\ZERO_CHECK.vcxproj", "{CAA83830-2971-31F9-891B-33CBD5840D2D}"
EndProject
Project("{8BC9CEB8-8B4A-11D0-8D11-00A0C91BC942}") = "FastXml", "External\PhysX\FastXml.vcxproj", "{285062E9-35FD-3D8B-BB1C-416A992A1BC0}"
EndProject
Project("{8BC9CEB8-8B4A-11D0-8D11-00A0C91BC942}") = "PhysX", "External\PhysX\PhysX.vcxproj", "{836DAD6D-1598-36BD-B884-E083BA7760E6}"
EndProject
Project("{8BC9CEB8-8B4A-11D0-8D11-00A0C91BC942}") = "PhysXCharacterKinematic", "External\PhysX\PhysXCharacterKinematic.vcxproj", "{AAAE7566-7945-3633-8B12-8F6AB3671F0D}"
EndProject
Project("{8BC9CEB8-8B4A-11D0-8D11-00A0C91BC942}") = "PhysXCommon", "External\PhysX\PhysXCommon.vcxproj", "{56301F55-9EAA-3483-BABF-163C1BB48A98}"
EndProject
Project("{8BC9CEB8-8B4A-11D0-8D11-00A0C91BC942}") = "PhysXCooking", "External\PhysX\PhysXCooking.vcxproj", "{E743EE29-1BE7-3580-8FCF-97414654DD59}"
EndProject
Project("{8BC9CEB8-8B4A-11D0-8D11-00A0C91BC942}") = "PhysXExtensions", "External\PhysX\PhysXExtensions.vcxproj", "{CE5733D5-F113-365E-B16D-CDC815FB1DD6}"
EndProject
Project("{8BC9CEB8-8B4A-11D0-8D11-00A0C91BC942}") = "PhysXFoundation", "External\PhysX\PhysXFoundation.vcxproj", "{5A4D1B8D-EE2D-34FE-B0DF-CD4528114D10}"
EndProject
Project("{8BC9CEB8-8B4A-11D0-8D11-00A0C91BC942}") = "PhysXPvdSDK", "External\PhysX\PhysXPvdSDK.vcxproj", "{72030DCF-3ADF-3920-9B16-F9856D9B29CA}"
EndProject
Project("{8BC9CEB8-8B4A-11D0-8D11-00A0C91BC942}") = "PhysXTask", "External\PhysX\PhysXTask.vcxproj", "{8868EFB2-81EC-3E1E-ABB7-70AA65833DE1}"
EndProject
Project("{8BC9CEB8-8B4A-11D0-8D11-00A0C91BC942}") = "PhysXVehicle", "External\PhysX\PhysXVehicle.vcxproj", "{00AD5118-4E8E-361E-8DBB-35D6CB0420D5}"
EndProject
Project("{8BC9CEB8-8B4A-11D0-8D11-00A0C91BC942}") = "LowLevel", "External\PhysX\LowLevel.vcxproj", "{DBB38D53-954D-3EA2-8559-332E73CD4993}"
EndProject
Project("{8BC9CEB8-8B4A-11D0-8D11-00A0C91BC942}") = "LowLevelAABB", "External\PhysX\LowLevelAABB.vcxproj", "{739DC2F5-6C94-3658-B8AA-F3D35B175B0B}"
EndProject
Project("{8BC9CEB8-8B4A-11D0-8D11-00A0C91BC942}") = "SceneQuery", "External\PhysX\SceneQuery.vcxproj", "{CCE05965-15F5-3B50-8FA2-F54548890F93}"
EndProject
Project("{8BC9CEB8-8B4A-11D0-8D11-00A0C91BC942}") = "SimulationController", "External\PhysX\SimulationController.vcxproj", "{D4A36D7C-C9AA-3539-BFD6-CF5A3A00DA39}"
EndProject
Project("{8BC9CEB8-8B4A-11D0-8D11-00A0C91BC942}") = "04_HelloPhysX", "VGP_Physics\04_HelloPhysX\04_HelloPhysX.vcxproj", "{6666AAA3-3144-4B89-92EC-9BF5000FDA15}"
EndProject
Project("{8BC9CEB8-8B4A-11D0-8D11-00A0C91BC942}") = "02_Bones_Robot_Arm", "VGP334_Animation\02_Bones_Robot_Arm\02_Bones_Robot_Arm.vcxproj", "{7615962C-6B7E-46DE-A714-8D77731C7605}"
EndProject
Project("{8BC9CEB8-8B4A-11D0-8D11-00A0C91BC942}") = "03_Tenticle", "VGP334_Animation\03_Tenticle\03_Tenticle.vcxproj", "{309D0C9A-7809-4B7B-B5E7-28617D775F0E}"
EndProject
Project("{8BC9CEB8-8B4A-11D0-8D11-00A0C91BC942}") = "04_Hello_Animation", "VGP334_Animation\04_Hello_Animation\04_Hello_Animation.vcxproj", "{B3B4C7FD-8DA0-4B83-9D2A-A03B377D7114}"
EndProject
Project("{8BC9CEB8-8B4A-11D0-8D11-00A0C91BC942}") = "PPhysics_01", "VGP_Physics\PPhysics_01\PPhysics_01.vcxproj", "{A12DFBA7-10FF-459E-A668-6893294C8F57}"
EndProject
Project("{8BC9CEB8-8B4A-11D0-8D11-00A0C91BC942}") = "05_AnimationBlending1", "VGP334_Animation\05_AnimationBlending1\05_AnimationBlending1.vcxproj", "{AB33871D-57F6-4EC1-B5AD-607CD80C1461}"
EndProject
Project("{2150E333-8FDC-42A3-9474-1A3956D46DE8}") = "Demo", "Demo", "{0FF0A7FB-D9C3-4522-9856-59F59F37C69F}"
EndProject
Project("{8BC9CEB8-8B4A-11D0-8D11-00A0C91BC942}") = "01_PlayerEnemy", "Demo\01_PlayerEnemy\01_PlayerEnemy.vcxproj", "{D666C2B4-F095-42A0-8A46-7FFC7767FCA1}"
EndProject
Project("{8BC9CEB8-8B4A-11D0-8D11-00A0C91BC942}") = "CoreTest", "Unit_Test\CoreTest\CoreTest.vcxproj", "{1521C29C-4176-4C41-901B-651DB9B276DB}"
EndProject
Project("{8BC9CEB8-8B4A-11D0-8D11-00A0C91BC942}") = "02_SteeringBehaviour_Test", "VGP332_AI\02_SteeringBehaviour_Test\02_SteeringBehaviour_Test.vcxproj", "{2E0FAE89-3833-4470-A887-BEFEB7F8F378}"
EndProject
Project("{8BC9CEB8-8B4A-11D0-8D11-00A0C91BC942}") = "VishvEditor", "Tools\VishvEditor\VishvEditor.vcxproj", "{2B9F8E5A-1610-4238-90D1-31DE57D5A6EA}"
EndProject
Project("{8BC9CEB8-8B4A-11D0-8D11-00A0C91BC942}") = "02_PhysicsCollision", "Demo\02_PhysicsCollision\02_PhysicsCollision.vcxproj", "{B8518CBF-2613-45DF-B996-ABFCB3275CF4}"
EndProject
Project("{8BC9CEB8-8B4A-11D0-8D11-00A0C91BC942}") = "03_Animation", "Demo\03_Animation\03_Animation.vcxproj", "{CD09C664-BCFE-4A70-9CB9-966E5EFB13B1}"
EndProject
Project("{8BC9CEB8-8B4A-11D0-8D11-00A0C91BC942}") = "04_Shaders", "Demo\04_Shaders\04_Shaders.vcxproj", "{BE20739B-A7F0-43D1-97CF-D762B9C3B662}"
EndProject
Global
	GlobalSection(SolutionConfigurationPlatforms) = preSolution
		checked|x64 = checked|x64
		checked|x86 = checked|x86
		Debug|x64 = Debug|x64
		Debug|x86 = Debug|x86
		profile|x64 = profile|x64
		profile|x86 = profile|x86
		Release|x64 = Release|x64
		Release|x86 = Release|x86
	EndGlobalSection
	GlobalSection(ProjectConfigurationPlatforms) = postSolution
		{6FA7760C-0BAB-4DE1-AD1E-852503B4CC5F}.checked|x64.ActiveCfg = Release|x64
		{6FA7760C-0BAB-4DE1-AD1E-852503B4CC5F}.checked|x64.Build.0 = Release|x64
		{6FA7760C-0BAB-4DE1-AD1E-852503B4CC5F}.checked|x86.ActiveCfg = Release|Win32
		{6FA7760C-0BAB-4DE1-AD1E-852503B4CC5F}.checked|x86.Build.0 = Release|Win32
		{6FA7760C-0BAB-4DE1-AD1E-852503B4CC5F}.Debug|x64.ActiveCfg = Debug|x64
		{6FA7760C-0BAB-4DE1-AD1E-852503B4CC5F}.Debug|x64.Build.0 = Debug|x64
		{6FA7760C-0BAB-4DE1-AD1E-852503B4CC5F}.Debug|x86.ActiveCfg = Debug|Win32
		{6FA7760C-0BAB-4DE1-AD1E-852503B4CC5F}.Debug|x86.Build.0 = Debug|Win32
		{6FA7760C-0BAB-4DE1-AD1E-852503B4CC5F}.profile|x64.ActiveCfg = Release|x64
		{6FA7760C-0BAB-4DE1-AD1E-852503B4CC5F}.profile|x64.Build.0 = Release|x64
		{6FA7760C-0BAB-4DE1-AD1E-852503B4CC5F}.profile|x86.ActiveCfg = Release|Win32
		{6FA7760C-0BAB-4DE1-AD1E-852503B4CC5F}.profile|x86.Build.0 = Release|Win32
		{6FA7760C-0BAB-4DE1-AD1E-852503B4CC5F}.Release|x64.ActiveCfg = Release|x64
		{6FA7760C-0BAB-4DE1-AD1E-852503B4CC5F}.Release|x64.Build.0 = Release|x64
		{6FA7760C-0BAB-4DE1-AD1E-852503B4CC5F}.Release|x86.ActiveCfg = Release|Win32
		{6FA7760C-0BAB-4DE1-AD1E-852503B4CC5F}.Release|x86.Build.0 = Release|Win32
		{8301C749-3D75-4178-939D-756E28EBB382}.checked|x64.ActiveCfg = Release|x64
		{8301C749-3D75-4178-939D-756E28EBB382}.checked|x64.Build.0 = Release|x64
		{8301C749-3D75-4178-939D-756E28EBB382}.checked|x86.ActiveCfg = Release|Win32
		{8301C749-3D75-4178-939D-756E28EBB382}.checked|x86.Build.0 = Release|Win32
		{8301C749-3D75-4178-939D-756E28EBB382}.Debug|x64.ActiveCfg = Debug|x64
		{8301C749-3D75-4178-939D-756E28EBB382}.Debug|x64.Build.0 = Debug|x64
		{8301C749-3D75-4178-939D-756E28EBB382}.Debug|x86.ActiveCfg = Debug|Win32
		{8301C749-3D75-4178-939D-756E28EBB382}.Debug|x86.Build.0 = Debug|Win32
		{8301C749-3D75-4178-939D-756E28EBB382}.profile|x64.ActiveCfg = Release|x64
		{8301C749-3D75-4178-939D-756E28EBB382}.profile|x64.Build.0 = Release|x64
		{8301C749-3D75-4178-939D-756E28EBB382}.profile|x86.ActiveCfg = Release|Win32
		{8301C749-3D75-4178-939D-756E28EBB382}.profile|x86.Build.0 = Release|Win32
		{8301C749-3D75-4178-939D-756E28EBB382}.Release|x64.ActiveCfg = Release|x64
		{8301C749-3D75-4178-939D-756E28EBB382}.Release|x64.Build.0 = Release|x64
		{8301C749-3D75-4178-939D-756E28EBB382}.Release|x86.ActiveCfg = Release|Win32
		{8301C749-3D75-4178-939D-756E28EBB382}.Release|x86.Build.0 = Release|Win32
		{8F3F8401-8076-4911-85B8-7D6F0B1D40AA}.checked|x64.ActiveCfg = Release|x64
		{8F3F8401-8076-4911-85B8-7D6F0B1D40AA}.checked|x64.Build.0 = Release|x64
		{8F3F8401-8076-4911-85B8-7D6F0B1D40AA}.checked|x86.ActiveCfg = Release|Win32
		{8F3F8401-8076-4911-85B8-7D6F0B1D40AA}.checked|x86.Build.0 = Release|Win32
		{8F3F8401-8076-4911-85B8-7D6F0B1D40AA}.Debug|x64.ActiveCfg = Debug|x64
		{8F3F8401-8076-4911-85B8-7D6F0B1D40AA}.Debug|x64.Build.0 = Debug|x64
		{8F3F8401-8076-4911-85B8-7D6F0B1D40AA}.Debug|x86.ActiveCfg = Debug|Win32
		{8F3F8401-8076-4911-85B8-7D6F0B1D40AA}.Debug|x86.Build.0 = Debug|Win32
		{8F3F8401-8076-4911-85B8-7D6F0B1D40AA}.profile|x64.ActiveCfg = Release|x64
		{8F3F8401-8076-4911-85B8-7D6F0B1D40AA}.profile|x64.Build.0 = Release|x64
		{8F3F8401-8076-4911-85B8-7D6F0B1D40AA}.profile|x86.ActiveCfg = Release|Win32
		{8F3F8401-8076-4911-85B8-7D6F0B1D40AA}.profile|x86.Build.0 = Release|Win32
		{8F3F8401-8076-4911-85B8-7D6F0B1D40AA}.Release|x64.ActiveCfg = Release|x64
		{8F3F8401-8076-4911-85B8-7D6F0B1D40AA}.Release|x64.Build.0 = Release|x64
		{8F3F8401-8076-4911-85B8-7D6F0B1D40AA}.Release|x86.ActiveCfg = Release|Win32
		{8F3F8401-8076-4911-85B8-7D6F0B1D40AA}.Release|x86.Build.0 = Release|Win32
		{EA543983-9395-4332-B89A-82CB27AF1321}.checked|x64.ActiveCfg = Release|x64
		{EA543983-9395-4332-B89A-82CB27AF1321}.checked|x64.Build.0 = Release|x64
		{EA543983-9395-4332-B89A-82CB27AF1321}.checked|x86.ActiveCfg = Release|Win32
		{EA543983-9395-4332-B89A-82CB27AF1321}.checked|x86.Build.0 = Release|Win32
		{EA543983-9395-4332-B89A-82CB27AF1321}.Debug|x64.ActiveCfg = Debug|x64
		{EA543983-9395-4332-B89A-82CB27AF1321}.Debug|x64.Build.0 = Debug|x64
		{EA543983-9395-4332-B89A-82CB27AF1321}.Debug|x86.ActiveCfg = Debug|Win32
		{EA543983-9395-4332-B89A-82CB27AF1321}.Debug|x86.Build.0 = Debug|Win32
		{EA543983-9395-4332-B89A-82CB27AF1321}.profile|x64.ActiveCfg = Release|x64
		{EA543983-9395-4332-B89A-82CB27AF1321}.profile|x64.Build.0 = Release|x64
		{EA543983-9395-4332-B89A-82CB27AF1321}.profile|x86.ActiveCfg = Release|Win32
		{EA543983-9395-4332-B89A-82CB27AF1321}.profile|x86.Build.0 = Release|Win32
		{EA543983-9395-4332-B89A-82CB27AF1321}.Release|x64.ActiveCfg = Release|x64
		{EA543983-9395-4332-B89A-82CB27AF1321}.Release|x64.Build.0 = Release|x64
		{EA543983-9395-4332-B89A-82CB27AF1321}.Release|x86.ActiveCfg = Release|Win32
		{EA543983-9395-4332-B89A-82CB27AF1321}.Release|x86.Build.0 = Release|Win32
		{9A145036-5060-497A-883A-8C4C7FFD4907}.checked|x64.ActiveCfg = Release|x64
		{9A145036-5060-497A-883A-8C4C7FFD4907}.checked|x64.Build.0 = Release|x64
		{9A145036-5060-497A-883A-8C4C7FFD4907}.checked|x86.ActiveCfg = Release|Win32
		{9A145036-5060-497A-883A-8C4C7FFD4907}.checked|x86.Build.0 = Release|Win32
		{9A145036-5060-497A-883A-8C4C7FFD4907}.Debug|x64.ActiveCfg = Debug|x64
		{9A145036-5060-497A-883A-8C4C7FFD4907}.Debug|x64.Build.0 = Debug|x64
		{9A145036-5060-497A-883A-8C4C7FFD4907}.Debug|x86.ActiveCfg = Debug|Win32
		{9A145036-5060-497A-883A-8C4C7FFD4907}.Debug|x86.Build.0 = Debug|Win32
		{9A145036-5060-497A-883A-8C4C7FFD4907}.profile|x64.ActiveCfg = Release|x64
		{9A145036-5060-497A-883A-8C4C7FFD4907}.profile|x64.Build.0 = Release|x64
		{9A145036-5060-497A-883A-8C4C7FFD4907}.profile|x86.ActiveCfg = Release|Win32
		{9A145036-5060-497A-883A-8C4C7FFD4907}.profile|x86.Build.0 = Release|Win32
		{9A145036-5060-497A-883A-8C4C7FFD4907}.Release|x64.ActiveCfg = Release|x64
		{9A145036-5060-497A-883A-8C4C7FFD4907}.Release|x64.Build.0 = Release|x64
		{9A145036-5060-497A-883A-8C4C7FFD4907}.Release|x86.ActiveCfg = Release|Win32
		{9A145036-5060-497A-883A-8C4C7FFD4907}.Release|x86.Build.0 = Release|Win32
		{26F95C66-3C81-4F7E-9C12-7C9C131B1248}.checked|x64.ActiveCfg = Release|x64
		{26F95C66-3C81-4F7E-9C12-7C9C131B1248}.checked|x64.Build.0 = Release|x64
		{26F95C66-3C81-4F7E-9C12-7C9C131B1248}.checked|x86.ActiveCfg = Release|Win32
		{26F95C66-3C81-4F7E-9C12-7C9C131B1248}.checked|x86.Build.0 = Release|Win32
		{26F95C66-3C81-4F7E-9C12-7C9C131B1248}.Debug|x64.ActiveCfg = Debug|x64
		{26F95C66-3C81-4F7E-9C12-7C9C131B1248}.Debug|x64.Build.0 = Debug|x64
		{26F95C66-3C81-4F7E-9C12-7C9C131B1248}.Debug|x86.ActiveCfg = Debug|Win32
		{26F95C66-3C81-4F7E-9C12-7C9C131B1248}.Debug|x86.Build.0 = Debug|Win32
		{26F95C66-3C81-4F7E-9C12-7C9C131B1248}.profile|x64.ActiveCfg = Release|x64
		{26F95C66-3C81-4F7E-9C12-7C9C131B1248}.profile|x64.Build.0 = Release|x64
		{26F95C66-3C81-4F7E-9C12-7C9C131B1248}.profile|x86.ActiveCfg = Release|Win32
		{26F95C66-3C81-4F7E-9C12-7C9C131B1248}.profile|x86.Build.0 = Release|Win32
		{26F95C66-3C81-4F7E-9C12-7C9C131B1248}.Release|x64.ActiveCfg = Release|x64
		{26F95C66-3C81-4F7E-9C12-7C9C131B1248}.Release|x64.Build.0 = Release|x64
		{26F95C66-3C81-4F7E-9C12-7C9C131B1248}.Release|x86.ActiveCfg = Release|Win32
		{26F95C66-3C81-4F7E-9C12-7C9C131B1248}.Release|x86.Build.0 = Release|Win32
		{E0B52AE7-E160-4D32-BF3F-910B785E5A8E}.checked|x64.ActiveCfg = Release|x64
		{E0B52AE7-E160-4D32-BF3F-910B785E5A8E}.checked|x64.Build.0 = Release|x64
		{E0B52AE7-E160-4D32-BF3F-910B785E5A8E}.checked|x86.ActiveCfg = Release|Win32
		{E0B52AE7-E160-4D32-BF3F-910B785E5A8E}.checked|x86.Build.0 = Release|Win32
		{E0B52AE7-E160-4D32-BF3F-910B785E5A8E}.Debug|x64.ActiveCfg = Debug|x64
		{E0B52AE7-E160-4D32-BF3F-910B785E5A8E}.Debug|x64.Build.0 = Debug|x64
		{E0B52AE7-E160-4D32-BF3F-910B785E5A8E}.Debug|x86.ActiveCfg = Debug|Win32
		{E0B52AE7-E160-4D32-BF3F-910B785E5A8E}.Debug|x86.Build.0 = Debug|Win32
		{E0B52AE7-E160-4D32-BF3F-910B785E5A8E}.profile|x64.ActiveCfg = Release|x64
		{E0B52AE7-E160-4D32-BF3F-910B785E5A8E}.profile|x64.Build.0 = Release|x64
		{E0B52AE7-E160-4D32-BF3F-910B785E5A8E}.profile|x86.ActiveCfg = Release|Win32
		{E0B52AE7-E160-4D32-BF3F-910B785E5A8E}.profile|x86.Build.0 = Release|Win32
		{E0B52AE7-E160-4D32-BF3F-910B785E5A8E}.Release|x64.ActiveCfg = Release|x64
		{E0B52AE7-E160-4D32-BF3F-910B785E5A8E}.Release|x64.Build.0 = Release|x64
		{E0B52AE7-E160-4D32-BF3F-910B785E5A8E}.Release|x86.ActiveCfg = Release|Win32
		{E0B52AE7-E160-4D32-BF3F-910B785E5A8E}.Release|x86.Build.0 = Release|Win32
		{4F150A30-CECB-49D1-8283-6A3F57438CF5}.checked|x64.ActiveCfg = Release|x64
		{4F150A30-CECB-49D1-8283-6A3F57438CF5}.checked|x64.Build.0 = Release|x64
		{4F150A30-CECB-49D1-8283-6A3F57438CF5}.checked|x86.ActiveCfg = Release|Win32
		{4F150A30-CECB-49D1-8283-6A3F57438CF5}.checked|x86.Build.0 = Release|Win32
		{4F150A30-CECB-49D1-8283-6A3F57438CF5}.Debug|x64.ActiveCfg = Debug|x64
		{4F150A30-CECB-49D1-8283-6A3F57438CF5}.Debug|x64.Build.0 = Debug|x64
		{4F150A30-CECB-49D1-8283-6A3F57438CF5}.Debug|x86.ActiveCfg = Debug|Win32
		{4F150A30-CECB-49D1-8283-6A3F57438CF5}.Debug|x86.Build.0 = Debug|Win32
		{4F150A30-CECB-49D1-8283-6A3F57438CF5}.profile|x64.ActiveCfg = Release|x64
		{4F150A30-CECB-49D1-8283-6A3F57438CF5}.profile|x64.Build.0 = Release|x64
		{4F150A30-CECB-49D1-8283-6A3F57438CF5}.profile|x86.ActiveCfg = Release|Win32
		{4F150A30-CECB-49D1-8283-6A3F57438CF5}.profile|x86.Build.0 = Release|Win32
		{4F150A30-CECB-49D1-8283-6A3F57438CF5}.Release|x64.ActiveCfg = Release|x64
		{4F150A30-CECB-49D1-8283-6A3F57438CF5}.Release|x64.Build.0 = Release|x64
		{4F150A30-CECB-49D1-8283-6A3F57438CF5}.Release|x86.ActiveCfg = Release|Win32
		{4F150A30-CECB-49D1-8283-6A3F57438CF5}.Release|x86.Build.0 = Release|Win32
		{0C303866-5F23-4662-B7E7-8AD0398307FB}.checked|x64.ActiveCfg = Release|x64
		{0C303866-5F23-4662-B7E7-8AD0398307FB}.checked|x64.Build.0 = Release|x64
		{0C303866-5F23-4662-B7E7-8AD0398307FB}.checked|x86.ActiveCfg = Release|Win32
		{0C303866-5F23-4662-B7E7-8AD0398307FB}.checked|x86.Build.0 = Release|Win32
		{0C303866-5F23-4662-B7E7-8AD0398307FB}.Debug|x64.ActiveCfg = Debug|x64
		{0C303866-5F23-4662-B7E7-8AD0398307FB}.Debug|x64.Build.0 = Debug|x64
		{0C303866-5F23-4662-B7E7-8AD0398307FB}.Debug|x86.ActiveCfg = Debug|Win32
		{0C303866-5F23-4662-B7E7-8AD0398307FB}.Debug|x86.Build.0 = Debug|Win32
		{0C303866-5F23-4662-B7E7-8AD0398307FB}.profile|x64.ActiveCfg = Release|x64
		{0C303866-5F23-4662-B7E7-8AD0398307FB}.profile|x64.Build.0 = Release|x64
		{0C303866-5F23-4662-B7E7-8AD0398307FB}.profile|x86.ActiveCfg = Release|Win32
		{0C303866-5F23-4662-B7E7-8AD0398307FB}.profile|x86.Build.0 = Release|Win32
		{0C303866-5F23-4662-B7E7-8AD0398307FB}.Release|x64.ActiveCfg = Release|x64
		{0C303866-5F23-4662-B7E7-8AD0398307FB}.Release|x64.Build.0 = Release|x64
		{0C303866-5F23-4662-B7E7-8AD0398307FB}.Release|x86.ActiveCfg = Release|Win32
		{0C303866-5F23-4662-B7E7-8AD0398307FB}.Release|x86.Build.0 = Release|Win32
		{D884534F-C580-49EE-A6CC-E10E4CA35BEA}.checked|x64.ActiveCfg = Release|x64
		{D884534F-C580-49EE-A6CC-E10E4CA35BEA}.checked|x64.Build.0 = Release|x64
		{D884534F-C580-49EE-A6CC-E10E4CA35BEA}.checked|x86.ActiveCfg = Release|Win32
		{D884534F-C580-49EE-A6CC-E10E4CA35BEA}.checked|x86.Build.0 = Release|Win32
		{D884534F-C580-49EE-A6CC-E10E4CA35BEA}.Debug|x64.ActiveCfg = Debug|x64
		{D884534F-C580-49EE-A6CC-E10E4CA35BEA}.Debug|x64.Build.0 = Debug|x64
		{D884534F-C580-49EE-A6CC-E10E4CA35BEA}.Debug|x86.ActiveCfg = Debug|Win32
		{D884534F-C580-49EE-A6CC-E10E4CA35BEA}.Debug|x86.Build.0 = Debug|Win32
		{D884534F-C580-49EE-A6CC-E10E4CA35BEA}.profile|x64.ActiveCfg = Release|x64
		{D884534F-C580-49EE-A6CC-E10E4CA35BEA}.profile|x64.Build.0 = Release|x64
		{D884534F-C580-49EE-A6CC-E10E4CA35BEA}.profile|x86.ActiveCfg = Release|Win32
		{D884534F-C580-49EE-A6CC-E10E4CA35BEA}.profile|x86.Build.0 = Release|Win32
		{D884534F-C580-49EE-A6CC-E10E4CA35BEA}.Release|x64.ActiveCfg = Release|x64
		{D884534F-C580-49EE-A6CC-E10E4CA35BEA}.Release|x64.Build.0 = Release|x64
		{D884534F-C580-49EE-A6CC-E10E4CA35BEA}.Release|x86.ActiveCfg = Release|Win32
		{D884534F-C580-49EE-A6CC-E10E4CA35BEA}.Release|x86.Build.0 = Release|Win32
		{00B3EB27-4C83-4180-A22A-0D8E410F8D8D}.checked|x64.ActiveCfg = Release|x64
		{00B3EB27-4C83-4180-A22A-0D8E410F8D8D}.checked|x64.Build.0 = Release|x64
		{00B3EB27-4C83-4180-A22A-0D8E410F8D8D}.checked|x86.ActiveCfg = Release|Win32
		{00B3EB27-4C83-4180-A22A-0D8E410F8D8D}.checked|x86.Build.0 = Release|Win32
		{00B3EB27-4C83-4180-A22A-0D8E410F8D8D}.Debug|x64.ActiveCfg = Debug|x64
		{00B3EB27-4C83-4180-A22A-0D8E410F8D8D}.Debug|x64.Build.0 = Debug|x64
		{00B3EB27-4C83-4180-A22A-0D8E410F8D8D}.Debug|x86.ActiveCfg = Debug|Win32
		{00B3EB27-4C83-4180-A22A-0D8E410F8D8D}.Debug|x86.Build.0 = Debug|Win32
		{00B3EB27-4C83-4180-A22A-0D8E410F8D8D}.profile|x64.ActiveCfg = Release|x64
		{00B3EB27-4C83-4180-A22A-0D8E410F8D8D}.profile|x64.Build.0 = Release|x64
		{00B3EB27-4C83-4180-A22A-0D8E410F8D8D}.profile|x86.ActiveCfg = Release|Win32
		{00B3EB27-4C83-4180-A22A-0D8E410F8D8D}.profile|x86.Build.0 = Release|Win32
		{00B3EB27-4C83-4180-A22A-0D8E410F8D8D}.Release|x64.ActiveCfg = Release|x64
		{00B3EB27-4C83-4180-A22A-0D8E410F8D8D}.Release|x64.Build.0 = Release|x64
		{00B3EB27-4C83-4180-A22A-0D8E410F8D8D}.Release|x86.ActiveCfg = Release|Win32
		{00B3EB27-4C83-4180-A22A-0D8E410F8D8D}.Release|x86.Build.0 = Release|Win32
		{B5D642E0-5F12-454E-A7A9-9EECE93D6051}.checked|x64.ActiveCfg = Release|x64
		{B5D642E0-5F12-454E-A7A9-9EECE93D6051}.checked|x64.Build.0 = Release|x64
		{B5D642E0-5F12-454E-A7A9-9EECE93D6051}.checked|x86.ActiveCfg = Release|Win32
		{B5D642E0-5F12-454E-A7A9-9EECE93D6051}.checked|x86.Build.0 = Release|Win32
		{B5D642E0-5F12-454E-A7A9-9EECE93D6051}.Debug|x64.ActiveCfg = Debug|x64
		{B5D642E0-5F12-454E-A7A9-9EECE93D6051}.Debug|x64.Build.0 = Debug|x64
		{B5D642E0-5F12-454E-A7A9-9EECE93D6051}.Debug|x86.ActiveCfg = Debug|Win32
		{B5D642E0-5F12-454E-A7A9-9EECE93D6051}.Debug|x86.Build.0 = Debug|Win32
		{B5D642E0-5F12-454E-A7A9-9EECE93D6051}.profile|x64.ActiveCfg = Release|x64
		{B5D642E0-5F12-454E-A7A9-9EECE93D6051}.profile|x64.Build.0 = Release|x64
		{B5D642E0-5F12-454E-A7A9-9EECE93D6051}.profile|x86.ActiveCfg = Release|Win32
		{B5D642E0-5F12-454E-A7A9-9EECE93D6051}.profile|x86.Build.0 = Release|Win32
		{B5D642E0-5F12-454E-A7A9-9EECE93D6051}.Release|x64.ActiveCfg = Release|x64
		{B5D642E0-5F12-454E-A7A9-9EECE93D6051}.Release|x64.Build.0 = Release|x64
		{B5D642E0-5F12-454E-A7A9-9EECE93D6051}.Release|x86.ActiveCfg = Release|Win32
		{B5D642E0-5F12-454E-A7A9-9EECE93D6051}.Release|x86.Build.0 = Release|Win32
		{C0E750BE-BA31-43BC-BE44-9341F5566BE5}.checked|x64.ActiveCfg = Debug|x64
		{C0E750BE-BA31-43BC-BE44-9341F5566BE5}.checked|x64.Build.0 = Debug|x64
		{C0E750BE-BA31-43BC-BE44-9341F5566BE5}.checked|x86.ActiveCfg = Release|Win32
		{C0E750BE-BA31-43BC-BE44-9341F5566BE5}.checked|x86.Build.0 = Release|Win32
		{C0E750BE-BA31-43BC-BE44-9341F5566BE5}.Debug|x64.ActiveCfg = Debug|Win32
		{C0E750BE-BA31-43BC-BE44-9341F5566BE5}.Debug|x64.Build.0 = Debug|Win32
		{C0E750BE-BA31-43BC-BE44-9341F5566BE5}.Debug|x86.ActiveCfg = Debug|Win32
		{C0E750BE-BA31-43BC-BE44-9341F5566BE5}.Debug|x86.Build.0 = Debug|Win32
		{C0E750BE-BA31-43BC-BE44-9341F5566BE5}.profile|x64.ActiveCfg = Debug|x64
		{C0E750BE-BA31-43BC-BE44-9341F5566BE5}.profile|x64.Build.0 = Debug|x64
		{C0E750BE-BA31-43BC-BE44-9341F5566BE5}.profile|x86.ActiveCfg = Release|Win32
		{C0E750BE-BA31-43BC-BE44-9341F5566BE5}.profile|x86.Build.0 = Release|Win32
		{C0E750BE-BA31-43BC-BE44-9341F5566BE5}.Release|x64.ActiveCfg = Release|x64
		{C0E750BE-BA31-43BC-BE44-9341F5566BE5}.Release|x64.Build.0 = Release|x64
		{C0E750BE-BA31-43BC-BE44-9341F5566BE5}.Release|x86.ActiveCfg = Release|Win32
		{C0E750BE-BA31-43BC-BE44-9341F5566BE5}.Release|x86.Build.0 = Release|Win32
		{BA5976A1-8F4D-4E09-B3E2-522D9014B5ED}.checked|x64.ActiveCfg = Release|x64
		{BA5976A1-8F4D-4E09-B3E2-522D9014B5ED}.checked|x64.Build.0 = Release|x64
		{BA5976A1-8F4D-4E09-B3E2-522D9014B5ED}.checked|x86.ActiveCfg = Release|Win32
		{BA5976A1-8F4D-4E09-B3E2-522D9014B5ED}.checked|x86.Build.0 = Release|Win32
		{BA5976A1-8F4D-4E09-B3E2-522D9014B5ED}.Debug|x64.ActiveCfg = Debug|x64
		{BA5976A1-8F4D-4E09-B3E2-522D9014B5ED}.Debug|x64.Build.0 = Debug|x64
		{BA5976A1-8F4D-4E09-B3E2-522D9014B5ED}.Debug|x86.ActiveCfg = Debug|Win32
		{BA5976A1-8F4D-4E09-B3E2-522D9014B5ED}.Debug|x86.Build.0 = Debug|Win32
		{BA5976A1-8F4D-4E09-B3E2-522D9014B5ED}.profile|x64.ActiveCfg = Release|x64
		{BA5976A1-8F4D-4E09-B3E2-522D9014B5ED}.profile|x64.Build.0 = Release|x64
		{BA5976A1-8F4D-4E09-B3E2-522D9014B5ED}.profile|x86.ActiveCfg = Release|Win32
		{BA5976A1-8F4D-4E09-B3E2-522D9014B5ED}.profile|x86.Build.0 = Release|Win32
		{BA5976A1-8F4D-4E09-B3E2-522D9014B5ED}.Release|x64.ActiveCfg = Release|x64
		{BA5976A1-8F4D-4E09-B3E2-522D9014B5ED}.Release|x64.Build.0 = Release|x64
		{BA5976A1-8F4D-4E09-B3E2-522D9014B5ED}.Release|x86.ActiveCfg = Release|Win32
		{BA5976A1-8F4D-4E09-B3E2-522D9014B5ED}.Release|x86.Build.0 = Release|Win32
		{FDDCDC18-6798-4660-B914-562D90A4D7A2}.checked|x64.ActiveCfg = Release|x64
		{FDDCDC18-6798-4660-B914-562D90A4D7A2}.checked|x64.Build.0 = Release|x64
		{FDDCDC18-6798-4660-B914-562D90A4D7A2}.checked|x86.ActiveCfg = Release|Win32
		{FDDCDC18-6798-4660-B914-562D90A4D7A2}.checked|x86.Build.0 = Release|Win32
		{FDDCDC18-6798-4660-B914-562D90A4D7A2}.Debug|x64.ActiveCfg = Debug|x64
		{FDDCDC18-6798-4660-B914-562D90A4D7A2}.Debug|x64.Build.0 = Debug|x64
		{FDDCDC18-6798-4660-B914-562D90A4D7A2}.Debug|x86.ActiveCfg = Debug|Win32
		{FDDCDC18-6798-4660-B914-562D90A4D7A2}.Debug|x86.Build.0 = Debug|Win32
		{FDDCDC18-6798-4660-B914-562D90A4D7A2}.profile|x64.ActiveCfg = Release|x64
		{FDDCDC18-6798-4660-B914-562D90A4D7A2}.profile|x64.Build.0 = Release|x64
		{FDDCDC18-6798-4660-B914-562D90A4D7A2}.profile|x86.ActiveCfg = Release|Win32
		{FDDCDC18-6798-4660-B914-562D90A4D7A2}.profile|x86.Build.0 = Release|Win32
		{FDDCDC18-6798-4660-B914-562D90A4D7A2}.Release|x64.ActiveCfg = Release|x64
		{FDDCDC18-6798-4660-B914-562D90A4D7A2}.Release|x64.Build.0 = Release|x64
		{FDDCDC18-6798-4660-B914-562D90A4D7A2}.Release|x86.ActiveCfg = Release|Win32
		{FDDCDC18-6798-4660-B914-562D90A4D7A2}.Release|x86.Build.0 = Release|Win32
		{383ECBAD-E66D-4AA1-9024-A37A41FE823C}.checked|x64.ActiveCfg = Release|x64
		{383ECBAD-E66D-4AA1-9024-A37A41FE823C}.checked|x64.Build.0 = Release|x64
		{383ECBAD-E66D-4AA1-9024-A37A41FE823C}.checked|x86.ActiveCfg = Release|Win32
		{383ECBAD-E66D-4AA1-9024-A37A41FE823C}.checked|x86.Build.0 = Release|Win32
		{383ECBAD-E66D-4AA1-9024-A37A41FE823C}.Debug|x64.ActiveCfg = Debug|x64
		{383ECBAD-E66D-4AA1-9024-A37A41FE823C}.Debug|x64.Build.0 = Debug|x64
		{383ECBAD-E66D-4AA1-9024-A37A41FE823C}.Debug|x86.ActiveCfg = Debug|Win32
		{383ECBAD-E66D-4AA1-9024-A37A41FE823C}.Debug|x86.Build.0 = Debug|Win32
		{383ECBAD-E66D-4AA1-9024-A37A41FE823C}.profile|x64.ActiveCfg = Release|x64
		{383ECBAD-E66D-4AA1-9024-A37A41FE823C}.profile|x64.Build.0 = Release|x64
		{383ECBAD-E66D-4AA1-9024-A37A41FE823C}.profile|x86.ActiveCfg = Release|Win32
		{383ECBAD-E66D-4AA1-9024-A37A41FE823C}.profile|x86.Build.0 = Release|Win32
		{383ECBAD-E66D-4AA1-9024-A37A41FE823C}.Release|x64.ActiveCfg = Release|x64
		{383ECBAD-E66D-4AA1-9024-A37A41FE823C}.Release|x64.Build.0 = Release|x64
		{383ECBAD-E66D-4AA1-9024-A37A41FE823C}.Release|x86.ActiveCfg = Release|Win32
		{383ECBAD-E66D-4AA1-9024-A37A41FE823C}.Release|x86.Build.0 = Release|Win32
		{C3382180-4C5F-4FEE-8F33-A09A5F60AC3A}.checked|x64.ActiveCfg = Release|x64
		{C3382180-4C5F-4FEE-8F33-A09A5F60AC3A}.checked|x64.Build.0 = Release|x64
		{C3382180-4C5F-4FEE-8F33-A09A5F60AC3A}.checked|x86.ActiveCfg = Release|Win32
		{C3382180-4C5F-4FEE-8F33-A09A5F60AC3A}.checked|x86.Build.0 = Release|Win32
		{C3382180-4C5F-4FEE-8F33-A09A5F60AC3A}.Debug|x64.ActiveCfg = Debug|x64
		{C3382180-4C5F-4FEE-8F33-A09A5F60AC3A}.Debug|x64.Build.0 = Debug|x64
		{C3382180-4C5F-4FEE-8F33-A09A5F60AC3A}.Debug|x86.ActiveCfg = Debug|Win32
		{C3382180-4C5F-4FEE-8F33-A09A5F60AC3A}.Debug|x86.Build.0 = Debug|Win32
		{C3382180-4C5F-4FEE-8F33-A09A5F60AC3A}.profile|x64.ActiveCfg = Release|x64
		{C3382180-4C5F-4FEE-8F33-A09A5F60AC3A}.profile|x64.Build.0 = Release|x64
		{C3382180-4C5F-4FEE-8F33-A09A5F60AC3A}.profile|x86.ActiveCfg = Release|Win32
		{C3382180-4C5F-4FEE-8F33-A09A5F60AC3A}.profile|x86.Build.0 = Release|Win32
		{C3382180-4C5F-4FEE-8F33-A09A5F60AC3A}.Release|x64.ActiveCfg = Release|x64
		{C3382180-4C5F-4FEE-8F33-A09A5F60AC3A}.Release|x64.Build.0 = Release|x64
		{C3382180-4C5F-4FEE-8F33-A09A5F60AC3A}.Release|x86.ActiveCfg = Release|Win32
		{C3382180-4C5F-4FEE-8F33-A09A5F60AC3A}.Release|x86.Build.0 = Release|Win32
		{6F6AD4EE-B9A3-44D5-A070-867A58C66FD2}.checked|x64.ActiveCfg = Release|x64
		{6F6AD4EE-B9A3-44D5-A070-867A58C66FD2}.checked|x64.Build.0 = Release|x64
		{6F6AD4EE-B9A3-44D5-A070-867A58C66FD2}.checked|x86.ActiveCfg = Release|Win32
		{6F6AD4EE-B9A3-44D5-A070-867A58C66FD2}.checked|x86.Build.0 = Release|Win32
		{6F6AD4EE-B9A3-44D5-A070-867A58C66FD2}.Debug|x64.ActiveCfg = Debug|x64
		{6F6AD4EE-B9A3-44D5-A070-867A58C66FD2}.Debug|x64.Build.0 = Debug|x64
		{6F6AD4EE-B9A3-44D5-A070-867A58C66FD2}.Debug|x86.ActiveCfg = Debug|Win32
		{6F6AD4EE-B9A3-44D5-A070-867A58C66FD2}.Debug|x86.Build.0 = Debug|Win32
		{6F6AD4EE-B9A3-44D5-A070-867A58C66FD2}.profile|x64.ActiveCfg = Release|x64
		{6F6AD4EE-B9A3-44D5-A070-867A58C66FD2}.profile|x64.Build.0 = Release|x64
		{6F6AD4EE-B9A3-44D5-A070-867A58C66FD2}.profile|x86.ActiveCfg = Release|Win32
		{6F6AD4EE-B9A3-44D5-A070-867A58C66FD2}.profile|x86.Build.0 = Release|Win32
		{6F6AD4EE-B9A3-44D5-A070-867A58C66FD2}.Release|x64.ActiveCfg = Release|x64
		{6F6AD4EE-B9A3-44D5-A070-867A58C66FD2}.Release|x64.Build.0 = Release|x64
		{6F6AD4EE-B9A3-44D5-A070-867A58C66FD2}.Release|x86.ActiveCfg = Release|Win32
		{6F6AD4EE-B9A3-44D5-A070-867A58C66FD2}.Release|x86.Build.0 = Release|Win32
		{0342C63A-5283-4267-AD57-A9FBAE2C7602}.checked|x64.ActiveCfg = Release|x64
		{0342C63A-5283-4267-AD57-A9FBAE2C7602}.checked|x64.Build.0 = Release|x64
		{0342C63A-5283-4267-AD57-A9FBAE2C7602}.checked|x86.ActiveCfg = Release|Win32
		{0342C63A-5283-4267-AD57-A9FBAE2C7602}.checked|x86.Build.0 = Release|Win32
		{0342C63A-5283-4267-AD57-A9FBAE2C7602}.Debug|x64.ActiveCfg = Debug|x64
		{0342C63A-5283-4267-AD57-A9FBAE2C7602}.Debug|x64.Build.0 = Debug|x64
		{0342C63A-5283-4267-AD57-A9FBAE2C7602}.Debug|x86.ActiveCfg = Debug|Win32
		{0342C63A-5283-4267-AD57-A9FBAE2C7602}.Debug|x86.Build.0 = Debug|Win32
		{0342C63A-5283-4267-AD57-A9FBAE2C7602}.profile|x64.ActiveCfg = Release|x64
		{0342C63A-5283-4267-AD57-A9FBAE2C7602}.profile|x64.Build.0 = Release|x64
		{0342C63A-5283-4267-AD57-A9FBAE2C7602}.profile|x86.ActiveCfg = Release|Win32
		{0342C63A-5283-4267-AD57-A9FBAE2C7602}.profile|x86.Build.0 = Release|Win32
		{0342C63A-5283-4267-AD57-A9FBAE2C7602}.Release|x64.ActiveCfg = Release|x64
		{0342C63A-5283-4267-AD57-A9FBAE2C7602}.Release|x64.Build.0 = Release|x64
		{0342C63A-5283-4267-AD57-A9FBAE2C7602}.Release|x86.ActiveCfg = Release|Win32
		{0342C63A-5283-4267-AD57-A9FBAE2C7602}.Release|x86.Build.0 = Release|Win32
		{763F7492-1C1F-482D-A8BB-9082CCA570BA}.checked|x64.ActiveCfg = Release|x64
		{763F7492-1C1F-482D-A8BB-9082CCA570BA}.checked|x64.Build.0 = Release|x64
		{763F7492-1C1F-482D-A8BB-9082CCA570BA}.checked|x86.ActiveCfg = Release|Win32
		{763F7492-1C1F-482D-A8BB-9082CCA570BA}.checked|x86.Build.0 = Release|Win32
		{763F7492-1C1F-482D-A8BB-9082CCA570BA}.Debug|x64.ActiveCfg = Debug|x64
		{763F7492-1C1F-482D-A8BB-9082CCA570BA}.Debug|x64.Build.0 = Debug|x64
		{763F7492-1C1F-482D-A8BB-9082CCA570BA}.Debug|x86.ActiveCfg = Debug|Win32
		{763F7492-1C1F-482D-A8BB-9082CCA570BA}.Debug|x86.Build.0 = Debug|Win32
		{763F7492-1C1F-482D-A8BB-9082CCA570BA}.profile|x64.ActiveCfg = Release|x64
		{763F7492-1C1F-482D-A8BB-9082CCA570BA}.profile|x64.Build.0 = Release|x64
		{763F7492-1C1F-482D-A8BB-9082CCA570BA}.profile|x86.ActiveCfg = Release|Win32
		{763F7492-1C1F-482D-A8BB-9082CCA570BA}.profile|x86.Build.0 = Release|Win32
		{763F7492-1C1F-482D-A8BB-9082CCA570BA}.Release|x64.ActiveCfg = Release|x64
		{763F7492-1C1F-482D-A8BB-9082CCA570BA}.Release|x64.Build.0 = Release|x64
		{763F7492-1C1F-482D-A8BB-9082CCA570BA}.Release|x86.ActiveCfg = Release|Win32
		{763F7492-1C1F-482D-A8BB-9082CCA570BA}.Release|x86.Build.0 = Release|Win32
		{22C2AF84-8B3A-429E-BBA3-A4214C665622}.checked|x64.ActiveCfg = Release|x64
		{22C2AF84-8B3A-429E-BBA3-A4214C665622}.checked|x64.Build.0 = Release|x64
		{22C2AF84-8B3A-429E-BBA3-A4214C665622}.checked|x86.ActiveCfg = Release|Win32
		{22C2AF84-8B3A-429E-BBA3-A4214C665622}.checked|x86.Build.0 = Release|Win32
		{22C2AF84-8B3A-429E-BBA3-A4214C665622}.Debug|x64.ActiveCfg = Debug|x64
		{22C2AF84-8B3A-429E-BBA3-A4214C665622}.Debug|x64.Build.0 = Debug|x64
		{22C2AF84-8B3A-429E-BBA3-A4214C665622}.Debug|x86.ActiveCfg = Debug|Win32
		{22C2AF84-8B3A-429E-BBA3-A4214C665622}.Debug|x86.Build.0 = Debug|Win32
		{22C2AF84-8B3A-429E-BBA3-A4214C665622}.profile|x64.ActiveCfg = Release|x64
		{22C2AF84-8B3A-429E-BBA3-A4214C665622}.profile|x64.Build.0 = Release|x64
		{22C2AF84-8B3A-429E-BBA3-A4214C665622}.profile|x86.ActiveCfg = Release|Win32
		{22C2AF84-8B3A-429E-BBA3-A4214C665622}.profile|x86.Build.0 = Release|Win32
		{22C2AF84-8B3A-429E-BBA3-A4214C665622}.Release|x64.ActiveCfg = Release|x64
		{22C2AF84-8B3A-429E-BBA3-A4214C665622}.Release|x64.Build.0 = Release|x64
		{22C2AF84-8B3A-429E-BBA3-A4214C665622}.Release|x86.ActiveCfg = Release|Win32
		{22C2AF84-8B3A-429E-BBA3-A4214C665622}.Release|x86.Build.0 = Release|Win32
		{9DE44775-FD6E-4312-BF4A-5C533C3AEE39}.checked|x64.ActiveCfg = Release|x64
		{9DE44775-FD6E-4312-BF4A-5C533C3AEE39}.checked|x64.Build.0 = Release|x64
		{9DE44775-FD6E-4312-BF4A-5C533C3AEE39}.checked|x86.ActiveCfg = Release|Win32
		{9DE44775-FD6E-4312-BF4A-5C533C3AEE39}.checked|x86.Build.0 = Release|Win32
		{9DE44775-FD6E-4312-BF4A-5C533C3AEE39}.Debug|x64.ActiveCfg = Debug|x64
		{9DE44775-FD6E-4312-BF4A-5C533C3AEE39}.Debug|x64.Build.0 = Debug|x64
		{9DE44775-FD6E-4312-BF4A-5C533C3AEE39}.Debug|x86.ActiveCfg = Debug|Win32
		{9DE44775-FD6E-4312-BF4A-5C533C3AEE39}.Debug|x86.Build.0 = Debug|Win32
		{9DE44775-FD6E-4312-BF4A-5C533C3AEE39}.profile|x64.ActiveCfg = Release|x64
		{9DE44775-FD6E-4312-BF4A-5C533C3AEE39}.profile|x64.Build.0 = Release|x64
		{9DE44775-FD6E-4312-BF4A-5C533C3AEE39}.profile|x86.ActiveCfg = Release|Win32
		{9DE44775-FD6E-4312-BF4A-5C533C3AEE39}.profile|x86.Build.0 = Release|Win32
		{9DE44775-FD6E-4312-BF4A-5C533C3AEE39}.Release|x64.ActiveCfg = Release|x64
		{9DE44775-FD6E-4312-BF4A-5C533C3AEE39}.Release|x64.Build.0 = Release|x64
		{9DE44775-FD6E-4312-BF4A-5C533C3AEE39}.Release|x86.ActiveCfg = Release|Win32
		{9DE44775-FD6E-4312-BF4A-5C533C3AEE39}.Release|x86.Build.0 = Release|Win32
		{68863FB5-4BC2-4A9F-83F7-E5E0BA23F450}.checked|x64.ActiveCfg = Release|x64
		{68863FB5-4BC2-4A9F-83F7-E5E0BA23F450}.checked|x64.Build.0 = Release|x64
		{68863FB5-4BC2-4A9F-83F7-E5E0BA23F450}.checked|x86.ActiveCfg = Release|Win32
		{68863FB5-4BC2-4A9F-83F7-E5E0BA23F450}.checked|x86.Build.0 = Release|Win32
		{68863FB5-4BC2-4A9F-83F7-E5E0BA23F450}.Debug|x64.ActiveCfg = Debug|x64
		{68863FB5-4BC2-4A9F-83F7-E5E0BA23F450}.Debug|x64.Build.0 = Debug|x64
		{68863FB5-4BC2-4A9F-83F7-E5E0BA23F450}.Debug|x86.ActiveCfg = Debug|Win32
		{68863FB5-4BC2-4A9F-83F7-E5E0BA23F450}.Debug|x86.Build.0 = Debug|Win32
		{68863FB5-4BC2-4A9F-83F7-E5E0BA23F450}.profile|x64.ActiveCfg = Release|x64
		{68863FB5-4BC2-4A9F-83F7-E5E0BA23F450}.profile|x64.Build.0 = Release|x64
		{68863FB5-4BC2-4A9F-83F7-E5E0BA23F450}.profile|x86.ActiveCfg = Release|Win32
		{68863FB5-4BC2-4A9F-83F7-E5E0BA23F450}.profile|x86.Build.0 = Release|Win32
		{68863FB5-4BC2-4A9F-83F7-E5E0BA23F450}.Release|x64.ActiveCfg = Release|x64
		{68863FB5-4BC2-4A9F-83F7-E5E0BA23F450}.Release|x64.Build.0 = Release|x64
		{68863FB5-4BC2-4A9F-83F7-E5E0BA23F450}.Release|x86.ActiveCfg = Release|Win32
		{68863FB5-4BC2-4A9F-83F7-E5E0BA23F450}.Release|x86.Build.0 = Release|Win32
		{9DF70B1D-F60E-47FC-AFC7-CC7B5D42646D}.checked|x64.ActiveCfg = Release|x64
		{9DF70B1D-F60E-47FC-AFC7-CC7B5D42646D}.checked|x64.Build.0 = Release|x64
		{9DF70B1D-F60E-47FC-AFC7-CC7B5D42646D}.checked|x86.ActiveCfg = Release|Win32
		{9DF70B1D-F60E-47FC-AFC7-CC7B5D42646D}.checked|x86.Build.0 = Release|Win32
		{9DF70B1D-F60E-47FC-AFC7-CC7B5D42646D}.Debug|x64.ActiveCfg = Debug|x64
		{9DF70B1D-F60E-47FC-AFC7-CC7B5D42646D}.Debug|x64.Build.0 = Debug|x64
		{9DF70B1D-F60E-47FC-AFC7-CC7B5D42646D}.Debug|x86.ActiveCfg = Debug|Win32
		{9DF70B1D-F60E-47FC-AFC7-CC7B5D42646D}.Debug|x86.Build.0 = Debug|Win32
		{9DF70B1D-F60E-47FC-AFC7-CC7B5D42646D}.profile|x64.ActiveCfg = Release|x64
		{9DF70B1D-F60E-47FC-AFC7-CC7B5D42646D}.profile|x64.Build.0 = Release|x64
		{9DF70B1D-F60E-47FC-AFC7-CC7B5D42646D}.profile|x86.ActiveCfg = Release|Win32
		{9DF70B1D-F60E-47FC-AFC7-CC7B5D42646D}.profile|x86.Build.0 = Release|Win32
		{9DF70B1D-F60E-47FC-AFC7-CC7B5D42646D}.Release|x64.ActiveCfg = Release|x64
		{9DF70B1D-F60E-47FC-AFC7-CC7B5D42646D}.Release|x64.Build.0 = Release|x64
		{9DF70B1D-F60E-47FC-AFC7-CC7B5D42646D}.Release|x86.ActiveCfg = Release|Win32
		{9DF70B1D-F60E-47FC-AFC7-CC7B5D42646D}.Release|x86.Build.0 = Release|Win32
		{898814B7-1843-4D0E-9F49-8EBCF4A04F2F}.checked|x64.ActiveCfg = Release|x64
		{898814B7-1843-4D0E-9F49-8EBCF4A04F2F}.checked|x64.Build.0 = Release|x64
		{898814B7-1843-4D0E-9F49-8EBCF4A04F2F}.checked|x86.ActiveCfg = Release|Win32
		{898814B7-1843-4D0E-9F49-8EBCF4A04F2F}.checked|x86.Build.0 = Release|Win32
		{898814B7-1843-4D0E-9F49-8EBCF4A04F2F}.Debug|x64.ActiveCfg = Debug|x64
		{898814B7-1843-4D0E-9F49-8EBCF4A04F2F}.Debug|x64.Build.0 = Debug|x64
		{898814B7-1843-4D0E-9F49-8EBCF4A04F2F}.Debug|x86.ActiveCfg = Debug|Win32
		{898814B7-1843-4D0E-9F49-8EBCF4A04F2F}.Debug|x86.Build.0 = Debug|Win32
		{898814B7-1843-4D0E-9F49-8EBCF4A04F2F}.profile|x64.ActiveCfg = Release|x64
		{898814B7-1843-4D0E-9F49-8EBCF4A04F2F}.profile|x64.Build.0 = Release|x64
		{898814B7-1843-4D0E-9F49-8EBCF4A04F2F}.profile|x86.ActiveCfg = Release|Win32
		{898814B7-1843-4D0E-9F49-8EBCF4A04F2F}.profile|x86.Build.0 = Release|Win32
		{898814B7-1843-4D0E-9F49-8EBCF4A04F2F}.Release|x64.ActiveCfg = Release|x64
		{898814B7-1843-4D0E-9F49-8EBCF4A04F2F}.Release|x64.Build.0 = Release|x64
		{898814B7-1843-4D0E-9F49-8EBCF4A04F2F}.Release|x86.ActiveCfg = Release|Win32
		{898814B7-1843-4D0E-9F49-8EBCF4A04F2F}.Release|x86.Build.0 = Release|Win32
		{6C1A32E2-2DE9-4BE7-9B7C-9BCCD7D44418}.checked|x64.ActiveCfg = Release|x64
		{6C1A32E2-2DE9-4BE7-9B7C-9BCCD7D44418}.checked|x64.Build.0 = Release|x64
		{6C1A32E2-2DE9-4BE7-9B7C-9BCCD7D44418}.checked|x86.ActiveCfg = Release|Win32
		{6C1A32E2-2DE9-4BE7-9B7C-9BCCD7D44418}.checked|x86.Build.0 = Release|Win32
		{6C1A32E2-2DE9-4BE7-9B7C-9BCCD7D44418}.Debug|x64.ActiveCfg = Debug|x64
		{6C1A32E2-2DE9-4BE7-9B7C-9BCCD7D44418}.Debug|x64.Build.0 = Debug|x64
		{6C1A32E2-2DE9-4BE7-9B7C-9BCCD7D44418}.Debug|x86.ActiveCfg = Debug|Win32
		{6C1A32E2-2DE9-4BE7-9B7C-9BCCD7D44418}.Debug|x86.Build.0 = Debug|Win32
		{6C1A32E2-2DE9-4BE7-9B7C-9BCCD7D44418}.profile|x64.ActiveCfg = Release|x64
		{6C1A32E2-2DE9-4BE7-9B7C-9BCCD7D44418}.profile|x64.Build.0 = Release|x64
		{6C1A32E2-2DE9-4BE7-9B7C-9BCCD7D44418}.profile|x86.ActiveCfg = Release|Win32
		{6C1A32E2-2DE9-4BE7-9B7C-9BCCD7D44418}.profile|x86.Build.0 = Release|Win32
		{6C1A32E2-2DE9-4BE7-9B7C-9BCCD7D44418}.Release|x64.ActiveCfg = Release|x64
		{6C1A32E2-2DE9-4BE7-9B7C-9BCCD7D44418}.Release|x64.Build.0 = Release|x64
		{6C1A32E2-2DE9-4BE7-9B7C-9BCCD7D44418}.Release|x86.ActiveCfg = Release|Win32
		{6C1A32E2-2DE9-4BE7-9B7C-9BCCD7D44418}.Release|x86.Build.0 = Release|Win32
		{02DC0CE5-72DF-4F89-8AF2-FF9C0E351A1A}.checked|x64.ActiveCfg = Release|x64
		{02DC0CE5-72DF-4F89-8AF2-FF9C0E351A1A}.checked|x64.Build.0 = Release|x64
		{02DC0CE5-72DF-4F89-8AF2-FF9C0E351A1A}.checked|x86.ActiveCfg = Release|Win32
		{02DC0CE5-72DF-4F89-8AF2-FF9C0E351A1A}.checked|x86.Build.0 = Release|Win32
		{02DC0CE5-72DF-4F89-8AF2-FF9C0E351A1A}.Debug|x64.ActiveCfg = Debug|x64
		{02DC0CE5-72DF-4F89-8AF2-FF9C0E351A1A}.Debug|x64.Build.0 = Debug|x64
		{02DC0CE5-72DF-4F89-8AF2-FF9C0E351A1A}.Debug|x86.ActiveCfg = Debug|Win32
		{02DC0CE5-72DF-4F89-8AF2-FF9C0E351A1A}.Debug|x86.Build.0 = Debug|Win32
		{02DC0CE5-72DF-4F89-8AF2-FF9C0E351A1A}.profile|x64.ActiveCfg = Release|x64
		{02DC0CE5-72DF-4F89-8AF2-FF9C0E351A1A}.profile|x64.Build.0 = Release|x64
		{02DC0CE5-72DF-4F89-8AF2-FF9C0E351A1A}.profile|x86.ActiveCfg = Release|Win32
		{02DC0CE5-72DF-4F89-8AF2-FF9C0E351A1A}.profile|x86.Build.0 = Release|Win32
		{02DC0CE5-72DF-4F89-8AF2-FF9C0E351A1A}.Release|x64.ActiveCfg = Release|x64
		{02DC0CE5-72DF-4F89-8AF2-FF9C0E351A1A}.Release|x64.Build.0 = Release|x64
		{02DC0CE5-72DF-4F89-8AF2-FF9C0E351A1A}.Release|x86.ActiveCfg = Release|Win32
		{02DC0CE5-72DF-4F89-8AF2-FF9C0E351A1A}.Release|x86.Build.0 = Release|Win32
		{29DCC40E-52D8-4D9E-88B4-86E1E4EB3B77}.checked|x64.ActiveCfg = Release|x64
		{29DCC40E-52D8-4D9E-88B4-86E1E4EB3B77}.checked|x64.Build.0 = Release|x64
		{29DCC40E-52D8-4D9E-88B4-86E1E4EB3B77}.checked|x86.ActiveCfg = Release|Win32
		{29DCC40E-52D8-4D9E-88B4-86E1E4EB3B77}.checked|x86.Build.0 = Release|Win32
		{29DCC40E-52D8-4D9E-88B4-86E1E4EB3B77}.Debug|x64.ActiveCfg = Debug|x64
		{29DCC40E-52D8-4D9E-88B4-86E1E4EB3B77}.Debug|x64.Build.0 = Debug|x64
		{29DCC40E-52D8-4D9E-88B4-86E1E4EB3B77}.Debug|x86.ActiveCfg = Debug|Win32
		{29DCC40E-52D8-4D9E-88B4-86E1E4EB3B77}.Debug|x86.Build.0 = Debug|Win32
		{29DCC40E-52D8-4D9E-88B4-86E1E4EB3B77}.profile|x64.ActiveCfg = Release|x64
		{29DCC40E-52D8-4D9E-88B4-86E1E4EB3B77}.profile|x64.Build.0 = Release|x64
		{29DCC40E-52D8-4D9E-88B4-86E1E4EB3B77}.profile|x86.ActiveCfg = Release|Win32
		{29DCC40E-52D8-4D9E-88B4-86E1E4EB3B77}.profile|x86.Build.0 = Release|Win32
		{29DCC40E-52D8-4D9E-88B4-86E1E4EB3B77}.Release|x64.ActiveCfg = Release|x64
		{29DCC40E-52D8-4D9E-88B4-86E1E4EB3B77}.Release|x64.Build.0 = Release|x64
		{29DCC40E-52D8-4D9E-88B4-86E1E4EB3B77}.Release|x86.ActiveCfg = Release|Win32
		{29DCC40E-52D8-4D9E-88B4-86E1E4EB3B77}.Release|x86.Build.0 = Release|Win32
		{A5FC936B-F16F-48C5-8768-41D90669E0FC}.checked|x64.ActiveCfg = Release|x64
		{A5FC936B-F16F-48C5-8768-41D90669E0FC}.checked|x64.Build.0 = Release|x64
		{A5FC936B-F16F-48C5-8768-41D90669E0FC}.checked|x86.ActiveCfg = Release|Win32
		{A5FC936B-F16F-48C5-8768-41D90669E0FC}.checked|x86.Build.0 = Release|Win32
		{A5FC936B-F16F-48C5-8768-41D90669E0FC}.Debug|x64.ActiveCfg = Debug|x64
		{A5FC936B-F16F-48C5-8768-41D90669E0FC}.Debug|x64.Build.0 = Debug|x64
		{A5FC936B-F16F-48C5-8768-41D90669E0FC}.Debug|x86.ActiveCfg = Debug|Win32
		{A5FC936B-F16F-48C5-8768-41D90669E0FC}.Debug|x86.Build.0 = Debug|Win32
		{A5FC936B-F16F-48C5-8768-41D90669E0FC}.profile|x64.ActiveCfg = Release|x64
		{A5FC936B-F16F-48C5-8768-41D90669E0FC}.profile|x64.Build.0 = Release|x64
		{A5FC936B-F16F-48C5-8768-41D90669E0FC}.profile|x86.ActiveCfg = Release|Win32
		{A5FC936B-F16F-48C5-8768-41D90669E0FC}.profile|x86.Build.0 = Release|Win32
		{A5FC936B-F16F-48C5-8768-41D90669E0FC}.Release|x64.ActiveCfg = Release|x64
		{A5FC936B-F16F-48C5-8768-41D90669E0FC}.Release|x64.Build.0 = Release|x64
		{A5FC936B-F16F-48C5-8768-41D90669E0FC}.Release|x86.ActiveCfg = Release|Win32
		{A5FC936B-F16F-48C5-8768-41D90669E0FC}.Release|x86.Build.0 = Release|Win32
		{CAA83830-2971-31F9-891B-33CBD5840D2D}.checked|x64.ActiveCfg = checked|x64
		{CAA83830-2971-31F9-891B-33CBD5840D2D}.checked|x64.Build.0 = checked|x64
		{CAA83830-2971-31F9-891B-33CBD5840D2D}.checked|x86.ActiveCfg = checked|x64
		{CAA83830-2971-31F9-891B-33CBD5840D2D}.Debug|x64.ActiveCfg = debug|x64
		{CAA83830-2971-31F9-891B-33CBD5840D2D}.Debug|x64.Build.0 = debug|x64
		{CAA83830-2971-31F9-891B-33CBD5840D2D}.Debug|x86.ActiveCfg = debug|x64
		{CAA83830-2971-31F9-891B-33CBD5840D2D}.profile|x64.ActiveCfg = profile|x64
		{CAA83830-2971-31F9-891B-33CBD5840D2D}.profile|x64.Build.0 = profile|x64
		{CAA83830-2971-31F9-891B-33CBD5840D2D}.profile|x86.ActiveCfg = profile|x64
		{CAA83830-2971-31F9-891B-33CBD5840D2D}.Release|x64.ActiveCfg = release|x64
		{CAA83830-2971-31F9-891B-33CBD5840D2D}.Release|x64.Build.0 = release|x64
		{CAA83830-2971-31F9-891B-33CBD5840D2D}.Release|x86.ActiveCfg = release|x64
		{285062E9-35FD-3D8B-BB1C-416A992A1BC0}.checked|x64.ActiveCfg = checked|x64
		{285062E9-35FD-3D8B-BB1C-416A992A1BC0}.checked|x64.Build.0 = checked|x64
		{285062E9-35FD-3D8B-BB1C-416A992A1BC0}.checked|x86.ActiveCfg = checked|x64
		{285062E9-35FD-3D8B-BB1C-416A992A1BC0}.Debug|x64.ActiveCfg = debug|x64
		{285062E9-35FD-3D8B-BB1C-416A992A1BC0}.Debug|x64.Build.0 = debug|x64
		{285062E9-35FD-3D8B-BB1C-416A992A1BC0}.Debug|x86.ActiveCfg = debug|x64
		{285062E9-35FD-3D8B-BB1C-416A992A1BC0}.profile|x64.ActiveCfg = profile|x64
		{285062E9-35FD-3D8B-BB1C-416A992A1BC0}.profile|x64.Build.0 = profile|x64
		{285062E9-35FD-3D8B-BB1C-416A992A1BC0}.profile|x86.ActiveCfg = profile|x64
		{285062E9-35FD-3D8B-BB1C-416A992A1BC0}.Release|x64.ActiveCfg = release|x64
		{285062E9-35FD-3D8B-BB1C-416A992A1BC0}.Release|x64.Build.0 = release|x64
		{285062E9-35FD-3D8B-BB1C-416A992A1BC0}.Release|x86.ActiveCfg = release|x64
		{836DAD6D-1598-36BD-B884-E083BA7760E6}.checked|x64.ActiveCfg = checked|x64
		{836DAD6D-1598-36BD-B884-E083BA7760E6}.checked|x64.Build.0 = checked|x64
		{836DAD6D-1598-36BD-B884-E083BA7760E6}.checked|x86.ActiveCfg = checked|x64
		{836DAD6D-1598-36BD-B884-E083BA7760E6}.Debug|x64.ActiveCfg = debug|x64
		{836DAD6D-1598-36BD-B884-E083BA7760E6}.Debug|x64.Build.0 = debug|x64
		{836DAD6D-1598-36BD-B884-E083BA7760E6}.Debug|x86.ActiveCfg = debug|x64
		{836DAD6D-1598-36BD-B884-E083BA7760E6}.profile|x64.ActiveCfg = profile|x64
		{836DAD6D-1598-36BD-B884-E083BA7760E6}.profile|x64.Build.0 = profile|x64
		{836DAD6D-1598-36BD-B884-E083BA7760E6}.profile|x86.ActiveCfg = profile|x64
		{836DAD6D-1598-36BD-B884-E083BA7760E6}.Release|x64.ActiveCfg = release|x64
		{836DAD6D-1598-36BD-B884-E083BA7760E6}.Release|x64.Build.0 = release|x64
		{836DAD6D-1598-36BD-B884-E083BA7760E6}.Release|x86.ActiveCfg = release|x64
		{AAAE7566-7945-3633-8B12-8F6AB3671F0D}.checked|x64.ActiveCfg = checked|x64
		{AAAE7566-7945-3633-8B12-8F6AB3671F0D}.checked|x64.Build.0 = checked|x64
		{AAAE7566-7945-3633-8B12-8F6AB3671F0D}.checked|x86.ActiveCfg = checked|x64
		{AAAE7566-7945-3633-8B12-8F6AB3671F0D}.Debug|x64.ActiveCfg = debug|x64
		{AAAE7566-7945-3633-8B12-8F6AB3671F0D}.Debug|x64.Build.0 = debug|x64
		{AAAE7566-7945-3633-8B12-8F6AB3671F0D}.Debug|x86.ActiveCfg = debug|x64
		{AAAE7566-7945-3633-8B12-8F6AB3671F0D}.profile|x64.ActiveCfg = profile|x64
		{AAAE7566-7945-3633-8B12-8F6AB3671F0D}.profile|x64.Build.0 = profile|x64
		{AAAE7566-7945-3633-8B12-8F6AB3671F0D}.profile|x86.ActiveCfg = profile|x64
		{AAAE7566-7945-3633-8B12-8F6AB3671F0D}.Release|x64.ActiveCfg = release|x64
		{AAAE7566-7945-3633-8B12-8F6AB3671F0D}.Release|x64.Build.0 = release|x64
		{AAAE7566-7945-3633-8B12-8F6AB3671F0D}.Release|x86.ActiveCfg = release|x64
		{56301F55-9EAA-3483-BABF-163C1BB48A98}.checked|x64.ActiveCfg = checked|x64
		{56301F55-9EAA-3483-BABF-163C1BB48A98}.checked|x64.Build.0 = checked|x64
		{56301F55-9EAA-3483-BABF-163C1BB48A98}.checked|x86.ActiveCfg = checked|x64
		{56301F55-9EAA-3483-BABF-163C1BB48A98}.Debug|x64.ActiveCfg = debug|x64
		{56301F55-9EAA-3483-BABF-163C1BB48A98}.Debug|x64.Build.0 = debug|x64
		{56301F55-9EAA-3483-BABF-163C1BB48A98}.Debug|x86.ActiveCfg = debug|x64
		{56301F55-9EAA-3483-BABF-163C1BB48A98}.profile|x64.ActiveCfg = profile|x64
		{56301F55-9EAA-3483-BABF-163C1BB48A98}.profile|x64.Build.0 = profile|x64
		{56301F55-9EAA-3483-BABF-163C1BB48A98}.profile|x86.ActiveCfg = profile|x64
		{56301F55-9EAA-3483-BABF-163C1BB48A98}.Release|x64.ActiveCfg = release|x64
		{56301F55-9EAA-3483-BABF-163C1BB48A98}.Release|x64.Build.0 = release|x64
		{56301F55-9EAA-3483-BABF-163C1BB48A98}.Release|x86.ActiveCfg = release|x64
		{E743EE29-1BE7-3580-8FCF-97414654DD59}.checked|x64.ActiveCfg = checked|x64
		{E743EE29-1BE7-3580-8FCF-97414654DD59}.checked|x64.Build.0 = checked|x64
		{E743EE29-1BE7-3580-8FCF-97414654DD59}.checked|x86.ActiveCfg = checked|x64
		{E743EE29-1BE7-3580-8FCF-97414654DD59}.Debug|x64.ActiveCfg = debug|x64
		{E743EE29-1BE7-3580-8FCF-97414654DD59}.Debug|x64.Build.0 = debug|x64
		{E743EE29-1BE7-3580-8FCF-97414654DD59}.Debug|x86.ActiveCfg = debug|x64
		{E743EE29-1BE7-3580-8FCF-97414654DD59}.profile|x64.ActiveCfg = profile|x64
		{E743EE29-1BE7-3580-8FCF-97414654DD59}.profile|x64.Build.0 = profile|x64
		{E743EE29-1BE7-3580-8FCF-97414654DD59}.profile|x86.ActiveCfg = profile|x64
		{E743EE29-1BE7-3580-8FCF-97414654DD59}.Release|x64.ActiveCfg = release|x64
		{E743EE29-1BE7-3580-8FCF-97414654DD59}.Release|x64.Build.0 = release|x64
		{E743EE29-1BE7-3580-8FCF-97414654DD59}.Release|x86.ActiveCfg = release|x64
		{CE5733D5-F113-365E-B16D-CDC815FB1DD6}.checked|x64.ActiveCfg = checked|x64
		{CE5733D5-F113-365E-B16D-CDC815FB1DD6}.checked|x64.Build.0 = checked|x64
		{CE5733D5-F113-365E-B16D-CDC815FB1DD6}.checked|x86.ActiveCfg = checked|x64
		{CE5733D5-F113-365E-B16D-CDC815FB1DD6}.Debug|x64.ActiveCfg = debug|x64
		{CE5733D5-F113-365E-B16D-CDC815FB1DD6}.Debug|x64.Build.0 = debug|x64
		{CE5733D5-F113-365E-B16D-CDC815FB1DD6}.Debug|x86.ActiveCfg = debug|x64
		{CE5733D5-F113-365E-B16D-CDC815FB1DD6}.profile|x64.ActiveCfg = profile|x64
		{CE5733D5-F113-365E-B16D-CDC815FB1DD6}.profile|x64.Build.0 = profile|x64
		{CE5733D5-F113-365E-B16D-CDC815FB1DD6}.profile|x86.ActiveCfg = profile|x64
		{CE5733D5-F113-365E-B16D-CDC815FB1DD6}.Release|x64.ActiveCfg = release|x64
		{CE5733D5-F113-365E-B16D-CDC815FB1DD6}.Release|x64.Build.0 = release|x64
		{CE5733D5-F113-365E-B16D-CDC815FB1DD6}.Release|x86.ActiveCfg = release|x64
		{5A4D1B8D-EE2D-34FE-B0DF-CD4528114D10}.checked|x64.ActiveCfg = checked|x64
		{5A4D1B8D-EE2D-34FE-B0DF-CD4528114D10}.checked|x64.Build.0 = checked|x64
		{5A4D1B8D-EE2D-34FE-B0DF-CD4528114D10}.checked|x86.ActiveCfg = checked|x64
		{5A4D1B8D-EE2D-34FE-B0DF-CD4528114D10}.Debug|x64.ActiveCfg = debug|x64
		{5A4D1B8D-EE2D-34FE-B0DF-CD4528114D10}.Debug|x64.Build.0 = debug|x64
		{5A4D1B8D-EE2D-34FE-B0DF-CD4528114D10}.Debug|x86.ActiveCfg = debug|x64
		{5A4D1B8D-EE2D-34FE-B0DF-CD4528114D10}.profile|x64.ActiveCfg = profile|x64
		{5A4D1B8D-EE2D-34FE-B0DF-CD4528114D10}.profile|x64.Build.0 = profile|x64
		{5A4D1B8D-EE2D-34FE-B0DF-CD4528114D10}.profile|x86.ActiveCfg = profile|x64
		{5A4D1B8D-EE2D-34FE-B0DF-CD4528114D10}.Release|x64.ActiveCfg = release|x64
		{5A4D1B8D-EE2D-34FE-B0DF-CD4528114D10}.Release|x64.Build.0 = release|x64
		{5A4D1B8D-EE2D-34FE-B0DF-CD4528114D10}.Release|x86.ActiveCfg = release|x64
		{72030DCF-3ADF-3920-9B16-F9856D9B29CA}.checked|x64.ActiveCfg = checked|x64
		{72030DCF-3ADF-3920-9B16-F9856D9B29CA}.checked|x64.Build.0 = checked|x64
		{72030DCF-3ADF-3920-9B16-F9856D9B29CA}.checked|x86.ActiveCfg = checked|x64
		{72030DCF-3ADF-3920-9B16-F9856D9B29CA}.Debug|x64.ActiveCfg = debug|x64
		{72030DCF-3ADF-3920-9B16-F9856D9B29CA}.Debug|x64.Build.0 = debug|x64
		{72030DCF-3ADF-3920-9B16-F9856D9B29CA}.Debug|x86.ActiveCfg = debug|x64
		{72030DCF-3ADF-3920-9B16-F9856D9B29CA}.profile|x64.ActiveCfg = profile|x64
		{72030DCF-3ADF-3920-9B16-F9856D9B29CA}.profile|x64.Build.0 = profile|x64
		{72030DCF-3ADF-3920-9B16-F9856D9B29CA}.profile|x86.ActiveCfg = profile|x64
		{72030DCF-3ADF-3920-9B16-F9856D9B29CA}.Release|x64.ActiveCfg = release|x64
		{72030DCF-3ADF-3920-9B16-F9856D9B29CA}.Release|x64.Build.0 = release|x64
		{72030DCF-3ADF-3920-9B16-F9856D9B29CA}.Release|x86.ActiveCfg = release|x64
		{8868EFB2-81EC-3E1E-ABB7-70AA65833DE1}.checked|x64.ActiveCfg = checked|x64
		{8868EFB2-81EC-3E1E-ABB7-70AA65833DE1}.checked|x64.Build.0 = checked|x64
		{8868EFB2-81EC-3E1E-ABB7-70AA65833DE1}.checked|x86.ActiveCfg = checked|x64
		{8868EFB2-81EC-3E1E-ABB7-70AA65833DE1}.Debug|x64.ActiveCfg = debug|x64
		{8868EFB2-81EC-3E1E-ABB7-70AA65833DE1}.Debug|x64.Build.0 = debug|x64
		{8868EFB2-81EC-3E1E-ABB7-70AA65833DE1}.Debug|x86.ActiveCfg = debug|x64
		{8868EFB2-81EC-3E1E-ABB7-70AA65833DE1}.profile|x64.ActiveCfg = profile|x64
		{8868EFB2-81EC-3E1E-ABB7-70AA65833DE1}.profile|x64.Build.0 = profile|x64
		{8868EFB2-81EC-3E1E-ABB7-70AA65833DE1}.profile|x86.ActiveCfg = profile|x64
		{8868EFB2-81EC-3E1E-ABB7-70AA65833DE1}.Release|x64.ActiveCfg = release|x64
		{8868EFB2-81EC-3E1E-ABB7-70AA65833DE1}.Release|x64.Build.0 = release|x64
		{8868EFB2-81EC-3E1E-ABB7-70AA65833DE1}.Release|x86.ActiveCfg = release|x64
		{00AD5118-4E8E-361E-8DBB-35D6CB0420D5}.checked|x64.ActiveCfg = checked|x64
		{00AD5118-4E8E-361E-8DBB-35D6CB0420D5}.checked|x64.Build.0 = checked|x64
		{00AD5118-4E8E-361E-8DBB-35D6CB0420D5}.checked|x86.ActiveCfg = checked|x64
		{00AD5118-4E8E-361E-8DBB-35D6CB0420D5}.Debug|x64.ActiveCfg = debug|x64
		{00AD5118-4E8E-361E-8DBB-35D6CB0420D5}.Debug|x64.Build.0 = debug|x64
		{00AD5118-4E8E-361E-8DBB-35D6CB0420D5}.Debug|x86.ActiveCfg = debug|x64
		{00AD5118-4E8E-361E-8DBB-35D6CB0420D5}.profile|x64.ActiveCfg = profile|x64
		{00AD5118-4E8E-361E-8DBB-35D6CB0420D5}.profile|x64.Build.0 = profile|x64
		{00AD5118-4E8E-361E-8DBB-35D6CB0420D5}.profile|x86.ActiveCfg = profile|x64
		{00AD5118-4E8E-361E-8DBB-35D6CB0420D5}.Release|x64.ActiveCfg = release|x64
		{00AD5118-4E8E-361E-8DBB-35D6CB0420D5}.Release|x64.Build.0 = release|x64
		{00AD5118-4E8E-361E-8DBB-35D6CB0420D5}.Release|x86.ActiveCfg = release|x64
		{DBB38D53-954D-3EA2-8559-332E73CD4993}.checked|x64.ActiveCfg = checked|x64
		{DBB38D53-954D-3EA2-8559-332E73CD4993}.checked|x64.Build.0 = checked|x64
		{DBB38D53-954D-3EA2-8559-332E73CD4993}.checked|x86.ActiveCfg = checked|x64
		{DBB38D53-954D-3EA2-8559-332E73CD4993}.Debug|x64.ActiveCfg = debug|x64
		{DBB38D53-954D-3EA2-8559-332E73CD4993}.Debug|x64.Build.0 = debug|x64
		{DBB38D53-954D-3EA2-8559-332E73CD4993}.Debug|x86.ActiveCfg = debug|x64
		{DBB38D53-954D-3EA2-8559-332E73CD4993}.profile|x64.ActiveCfg = profile|x64
		{DBB38D53-954D-3EA2-8559-332E73CD4993}.profile|x64.Build.0 = profile|x64
		{DBB38D53-954D-3EA2-8559-332E73CD4993}.profile|x86.ActiveCfg = profile|x64
		{DBB38D53-954D-3EA2-8559-332E73CD4993}.Release|x64.ActiveCfg = release|x64
		{DBB38D53-954D-3EA2-8559-332E73CD4993}.Release|x64.Build.0 = release|x64
		{DBB38D53-954D-3EA2-8559-332E73CD4993}.Release|x86.ActiveCfg = release|x64
		{739DC2F5-6C94-3658-B8AA-F3D35B175B0B}.checked|x64.ActiveCfg = checked|x64
		{739DC2F5-6C94-3658-B8AA-F3D35B175B0B}.checked|x64.Build.0 = checked|x64
		{739DC2F5-6C94-3658-B8AA-F3D35B175B0B}.checked|x86.ActiveCfg = checked|x64
		{739DC2F5-6C94-3658-B8AA-F3D35B175B0B}.Debug|x64.ActiveCfg = debug|x64
		{739DC2F5-6C94-3658-B8AA-F3D35B175B0B}.Debug|x64.Build.0 = debug|x64
		{739DC2F5-6C94-3658-B8AA-F3D35B175B0B}.Debug|x86.ActiveCfg = debug|x64
		{739DC2F5-6C94-3658-B8AA-F3D35B175B0B}.profile|x64.ActiveCfg = profile|x64
		{739DC2F5-6C94-3658-B8AA-F3D35B175B0B}.profile|x64.Build.0 = profile|x64
		{739DC2F5-6C94-3658-B8AA-F3D35B175B0B}.profile|x86.ActiveCfg = profile|x64
		{739DC2F5-6C94-3658-B8AA-F3D35B175B0B}.Release|x64.ActiveCfg = release|x64
		{739DC2F5-6C94-3658-B8AA-F3D35B175B0B}.Release|x64.Build.0 = release|x64
		{739DC2F5-6C94-3658-B8AA-F3D35B175B0B}.Release|x86.ActiveCfg = release|x64
		{CCE05965-15F5-3B50-8FA2-F54548890F93}.checked|x64.ActiveCfg = checked|x64
		{CCE05965-15F5-3B50-8FA2-F54548890F93}.checked|x64.Build.0 = checked|x64
		{CCE05965-15F5-3B50-8FA2-F54548890F93}.checked|x86.ActiveCfg = checked|x64
		{CCE05965-15F5-3B50-8FA2-F54548890F93}.Debug|x64.ActiveCfg = debug|x64
		{CCE05965-15F5-3B50-8FA2-F54548890F93}.Debug|x64.Build.0 = debug|x64
		{CCE05965-15F5-3B50-8FA2-F54548890F93}.Debug|x86.ActiveCfg = debug|x64
		{CCE05965-15F5-3B50-8FA2-F54548890F93}.profile|x64.ActiveCfg = profile|x64
		{CCE05965-15F5-3B50-8FA2-F54548890F93}.profile|x64.Build.0 = profile|x64
		{CCE05965-15F5-3B50-8FA2-F54548890F93}.profile|x86.ActiveCfg = profile|x64
		{CCE05965-15F5-3B50-8FA2-F54548890F93}.Release|x64.ActiveCfg = release|x64
		{CCE05965-15F5-3B50-8FA2-F54548890F93}.Release|x64.Build.0 = release|x64
		{CCE05965-15F5-3B50-8FA2-F54548890F93}.Release|x86.ActiveCfg = release|x64
		{D4A36D7C-C9AA-3539-BFD6-CF5A3A00DA39}.checked|x64.ActiveCfg = checked|x64
		{D4A36D7C-C9AA-3539-BFD6-CF5A3A00DA39}.checked|x64.Build.0 = checked|x64
		{D4A36D7C-C9AA-3539-BFD6-CF5A3A00DA39}.checked|x86.ActiveCfg = checked|x64
		{D4A36D7C-C9AA-3539-BFD6-CF5A3A00DA39}.Debug|x64.ActiveCfg = debug|x64
		{D4A36D7C-C9AA-3539-BFD6-CF5A3A00DA39}.Debug|x64.Build.0 = debug|x64
		{D4A36D7C-C9AA-3539-BFD6-CF5A3A00DA39}.Debug|x86.ActiveCfg = debug|x64
		{D4A36D7C-C9AA-3539-BFD6-CF5A3A00DA39}.profile|x64.ActiveCfg = profile|x64
		{D4A36D7C-C9AA-3539-BFD6-CF5A3A00DA39}.profile|x64.Build.0 = profile|x64
		{D4A36D7C-C9AA-3539-BFD6-CF5A3A00DA39}.profile|x86.ActiveCfg = profile|x64
		{D4A36D7C-C9AA-3539-BFD6-CF5A3A00DA39}.Release|x64.ActiveCfg = release|x64
		{D4A36D7C-C9AA-3539-BFD6-CF5A3A00DA39}.Release|x64.Build.0 = release|x64
		{D4A36D7C-C9AA-3539-BFD6-CF5A3A00DA39}.Release|x86.ActiveCfg = release|x64
		{6666AAA3-3144-4B89-92EC-9BF5000FDA15}.checked|x64.ActiveCfg = Release|x64
		{6666AAA3-3144-4B89-92EC-9BF5000FDA15}.checked|x64.Build.0 = Release|x64
		{6666AAA3-3144-4B89-92EC-9BF5000FDA15}.checked|x86.ActiveCfg = Release|Win32
		{6666AAA3-3144-4B89-92EC-9BF5000FDA15}.checked|x86.Build.0 = Release|Win32
		{6666AAA3-3144-4B89-92EC-9BF5000FDA15}.Debug|x64.ActiveCfg = Debug|x64
		{6666AAA3-3144-4B89-92EC-9BF5000FDA15}.Debug|x64.Build.0 = Debug|x64
		{6666AAA3-3144-4B89-92EC-9BF5000FDA15}.Debug|x86.ActiveCfg = Debug|Win32
		{6666AAA3-3144-4B89-92EC-9BF5000FDA15}.Debug|x86.Build.0 = Debug|Win32
		{6666AAA3-3144-4B89-92EC-9BF5000FDA15}.profile|x64.ActiveCfg = Release|x64
		{6666AAA3-3144-4B89-92EC-9BF5000FDA15}.profile|x64.Build.0 = Release|x64
		{6666AAA3-3144-4B89-92EC-9BF5000FDA15}.profile|x86.ActiveCfg = Release|Win32
		{6666AAA3-3144-4B89-92EC-9BF5000FDA15}.profile|x86.Build.0 = Release|Win32
		{6666AAA3-3144-4B89-92EC-9BF5000FDA15}.Release|x64.ActiveCfg = Release|x64
		{6666AAA3-3144-4B89-92EC-9BF5000FDA15}.Release|x64.Build.0 = Release|x64
		{6666AAA3-3144-4B89-92EC-9BF5000FDA15}.Release|x86.ActiveCfg = Release|Win32
		{6666AAA3-3144-4B89-92EC-9BF5000FDA15}.Release|x86.Build.0 = Release|Win32
		{7615962C-6B7E-46DE-A714-8D77731C7605}.checked|x64.ActiveCfg = Release|x64
		{7615962C-6B7E-46DE-A714-8D77731C7605}.checked|x64.Build.0 = Release|x64
		{7615962C-6B7E-46DE-A714-8D77731C7605}.checked|x86.ActiveCfg = Release|Win32
		{7615962C-6B7E-46DE-A714-8D77731C7605}.checked|x86.Build.0 = Release|Win32
		{7615962C-6B7E-46DE-A714-8D77731C7605}.Debug|x64.ActiveCfg = Debug|x64
		{7615962C-6B7E-46DE-A714-8D77731C7605}.Debug|x64.Build.0 = Debug|x64
		{7615962C-6B7E-46DE-A714-8D77731C7605}.Debug|x86.ActiveCfg = Debug|Win32
		{7615962C-6B7E-46DE-A714-8D77731C7605}.Debug|x86.Build.0 = Debug|Win32
		{7615962C-6B7E-46DE-A714-8D77731C7605}.profile|x64.ActiveCfg = Release|x64
		{7615962C-6B7E-46DE-A714-8D77731C7605}.profile|x64.Build.0 = Release|x64
		{7615962C-6B7E-46DE-A714-8D77731C7605}.profile|x86.ActiveCfg = Release|Win32
		{7615962C-6B7E-46DE-A714-8D77731C7605}.profile|x86.Build.0 = Release|Win32
		{7615962C-6B7E-46DE-A714-8D77731C7605}.Release|x64.ActiveCfg = Release|x64
		{7615962C-6B7E-46DE-A714-8D77731C7605}.Release|x64.Build.0 = Release|x64
		{7615962C-6B7E-46DE-A714-8D77731C7605}.Release|x86.ActiveCfg = Release|Win32
		{7615962C-6B7E-46DE-A714-8D77731C7605}.Release|x86.Build.0 = Release|Win32
		{309D0C9A-7809-4B7B-B5E7-28617D775F0E}.checked|x64.ActiveCfg = Release|x64
		{309D0C9A-7809-4B7B-B5E7-28617D775F0E}.checked|x64.Build.0 = Release|x64
		{309D0C9A-7809-4B7B-B5E7-28617D775F0E}.checked|x86.ActiveCfg = Release|Win32
		{309D0C9A-7809-4B7B-B5E7-28617D775F0E}.checked|x86.Build.0 = Release|Win32
		{309D0C9A-7809-4B7B-B5E7-28617D775F0E}.Debug|x64.ActiveCfg = Debug|x64
		{309D0C9A-7809-4B7B-B5E7-28617D775F0E}.Debug|x64.Build.0 = Debug|x64
		{309D0C9A-7809-4B7B-B5E7-28617D775F0E}.Debug|x86.ActiveCfg = Debug|Win32
		{309D0C9A-7809-4B7B-B5E7-28617D775F0E}.Debug|x86.Build.0 = Debug|Win32
		{309D0C9A-7809-4B7B-B5E7-28617D775F0E}.profile|x64.ActiveCfg = Release|x64
		{309D0C9A-7809-4B7B-B5E7-28617D775F0E}.profile|x64.Build.0 = Release|x64
		{309D0C9A-7809-4B7B-B5E7-28617D775F0E}.profile|x86.ActiveCfg = Release|Win32
		{309D0C9A-7809-4B7B-B5E7-28617D775F0E}.profile|x86.Build.0 = Release|Win32
		{309D0C9A-7809-4B7B-B5E7-28617D775F0E}.Release|x64.ActiveCfg = Release|x64
		{309D0C9A-7809-4B7B-B5E7-28617D775F0E}.Release|x64.Build.0 = Release|x64
		{309D0C9A-7809-4B7B-B5E7-28617D775F0E}.Release|x86.ActiveCfg = Release|Win32
		{309D0C9A-7809-4B7B-B5E7-28617D775F0E}.Release|x86.Build.0 = Release|Win32
		{B3B4C7FD-8DA0-4B83-9D2A-A03B377D7114}.checked|x64.ActiveCfg = Release|x64
		{B3B4C7FD-8DA0-4B83-9D2A-A03B377D7114}.checked|x64.Build.0 = Release|x64
		{B3B4C7FD-8DA0-4B83-9D2A-A03B377D7114}.checked|x86.ActiveCfg = Release|Win32
		{B3B4C7FD-8DA0-4B83-9D2A-A03B377D7114}.checked|x86.Build.0 = Release|Win32
		{B3B4C7FD-8DA0-4B83-9D2A-A03B377D7114}.Debug|x64.ActiveCfg = Debug|x64
		{B3B4C7FD-8DA0-4B83-9D2A-A03B377D7114}.Debug|x64.Build.0 = Debug|x64
		{B3B4C7FD-8DA0-4B83-9D2A-A03B377D7114}.Debug|x86.ActiveCfg = Debug|Win32
		{B3B4C7FD-8DA0-4B83-9D2A-A03B377D7114}.Debug|x86.Build.0 = Debug|Win32
		{B3B4C7FD-8DA0-4B83-9D2A-A03B377D7114}.profile|x64.ActiveCfg = Release|x64
		{B3B4C7FD-8DA0-4B83-9D2A-A03B377D7114}.profile|x64.Build.0 = Release|x64
		{B3B4C7FD-8DA0-4B83-9D2A-A03B377D7114}.profile|x86.ActiveCfg = Release|Win32
		{B3B4C7FD-8DA0-4B83-9D2A-A03B377D7114}.profile|x86.Build.0 = Release|Win32
		{B3B4C7FD-8DA0-4B83-9D2A-A03B377D7114}.Release|x64.ActiveCfg = Release|x64
		{B3B4C7FD-8DA0-4B83-9D2A-A03B377D7114}.Release|x64.Build.0 = Release|x64
		{B3B4C7FD-8DA0-4B83-9D2A-A03B377D7114}.Release|x86.ActiveCfg = Release|Win32
		{B3B4C7FD-8DA0-4B83-9D2A-A03B377D7114}.Release|x86.Build.0 = Release|Win32
		{A12DFBA7-10FF-459E-A668-6893294C8F57}.checked|x64.ActiveCfg = Release|x64
		{A12DFBA7-10FF-459E-A668-6893294C8F57}.checked|x64.Build.0 = Release|x64
		{A12DFBA7-10FF-459E-A668-6893294C8F57}.checked|x86.ActiveCfg = Release|Win32
		{A12DFBA7-10FF-459E-A668-6893294C8F57}.checked|x86.Build.0 = Release|Win32
		{A12DFBA7-10FF-459E-A668-6893294C8F57}.Debug|x64.ActiveCfg = Debug|x64
		{A12DFBA7-10FF-459E-A668-6893294C8F57}.Debug|x64.Build.0 = Debug|x64
		{A12DFBA7-10FF-459E-A668-6893294C8F57}.Debug|x86.ActiveCfg = Debug|Win32
		{A12DFBA7-10FF-459E-A668-6893294C8F57}.Debug|x86.Build.0 = Debug|Win32
		{A12DFBA7-10FF-459E-A668-6893294C8F57}.profile|x64.ActiveCfg = Release|x64
		{A12DFBA7-10FF-459E-A668-6893294C8F57}.profile|x64.Build.0 = Release|x64
		{A12DFBA7-10FF-459E-A668-6893294C8F57}.profile|x86.ActiveCfg = Release|Win32
		{A12DFBA7-10FF-459E-A668-6893294C8F57}.profile|x86.Build.0 = Release|Win32
		{A12DFBA7-10FF-459E-A668-6893294C8F57}.Release|x64.ActiveCfg = Release|x64
		{A12DFBA7-10FF-459E-A668-6893294C8F57}.Release|x64.Build.0 = Release|x64
		{A12DFBA7-10FF-459E-A668-6893294C8F57}.Release|x86.ActiveCfg = Release|Win32
		{A12DFBA7-10FF-459E-A668-6893294C8F57}.Release|x86.Build.0 = Release|Win32
		{AB33871D-57F6-4EC1-B5AD-607CD80C1461}.checked|x64.ActiveCfg = Release|x64
		{AB33871D-57F6-4EC1-B5AD-607CD80C1461}.checked|x64.Build.0 = Release|x64
		{AB33871D-57F6-4EC1-B5AD-607CD80C1461}.checked|x86.ActiveCfg = Release|Win32
		{AB33871D-57F6-4EC1-B5AD-607CD80C1461}.checked|x86.Build.0 = Release|Win32
		{AB33871D-57F6-4EC1-B5AD-607CD80C1461}.Debug|x64.ActiveCfg = Debug|x64
		{AB33871D-57F6-4EC1-B5AD-607CD80C1461}.Debug|x64.Build.0 = Debug|x64
		{AB33871D-57F6-4EC1-B5AD-607CD80C1461}.Debug|x86.ActiveCfg = Debug|Win32
		{AB33871D-57F6-4EC1-B5AD-607CD80C1461}.Debug|x86.Build.0 = Debug|Win32
		{AB33871D-57F6-4EC1-B5AD-607CD80C1461}.profile|x64.ActiveCfg = Release|x64
		{AB33871D-57F6-4EC1-B5AD-607CD80C1461}.profile|x64.Build.0 = Release|x64
		{AB33871D-57F6-4EC1-B5AD-607CD80C1461}.profile|x86.ActiveCfg = Release|Win32
		{AB33871D-57F6-4EC1-B5AD-607CD80C1461}.profile|x86.Build.0 = Release|Win32
		{AB33871D-57F6-4EC1-B5AD-607CD80C1461}.Release|x64.ActiveCfg = Release|x64
		{AB33871D-57F6-4EC1-B5AD-607CD80C1461}.Release|x64.Build.0 = Release|x64
		{AB33871D-57F6-4EC1-B5AD-607CD80C1461}.Release|x86.ActiveCfg = Release|Win32
		{AB33871D-57F6-4EC1-B5AD-607CD80C1461}.Release|x86.Build.0 = Release|Win32
		{D666C2B4-F095-42A0-8A46-7FFC7767FCA1}.checked|x64.ActiveCfg = Release|x64
		{D666C2B4-F095-42A0-8A46-7FFC7767FCA1}.checked|x64.Build.0 = Release|x64
		{D666C2B4-F095-42A0-8A46-7FFC7767FCA1}.checked|x86.ActiveCfg = Release|Win32
		{D666C2B4-F095-42A0-8A46-7FFC7767FCA1}.checked|x86.Build.0 = Release|Win32
		{D666C2B4-F095-42A0-8A46-7FFC7767FCA1}.Debug|x64.ActiveCfg = Debug|x64
		{D666C2B4-F095-42A0-8A46-7FFC7767FCA1}.Debug|x64.Build.0 = Debug|x64
		{D666C2B4-F095-42A0-8A46-7FFC7767FCA1}.Debug|x86.ActiveCfg = Debug|Win32
		{D666C2B4-F095-42A0-8A46-7FFC7767FCA1}.Debug|x86.Build.0 = Debug|Win32
		{D666C2B4-F095-42A0-8A46-7FFC7767FCA1}.profile|x64.ActiveCfg = Release|x64
		{D666C2B4-F095-42A0-8A46-7FFC7767FCA1}.profile|x64.Build.0 = Release|x64
		{D666C2B4-F095-42A0-8A46-7FFC7767FCA1}.profile|x86.ActiveCfg = Release|Win32
		{D666C2B4-F095-42A0-8A46-7FFC7767FCA1}.profile|x86.Build.0 = Release|Win32
		{D666C2B4-F095-42A0-8A46-7FFC7767FCA1}.Release|x64.ActiveCfg = Release|x64
		{D666C2B4-F095-42A0-8A46-7FFC7767FCA1}.Release|x64.Build.0 = Release|x64
		{D666C2B4-F095-42A0-8A46-7FFC7767FCA1}.Release|x86.ActiveCfg = Release|Win32
		{D666C2B4-F095-42A0-8A46-7FFC7767FCA1}.Release|x86.Build.0 = Release|Win32
		{1521C29C-4176-4C41-901B-651DB9B276DB}.checked|x64.ActiveCfg = Release|x64
		{1521C29C-4176-4C41-901B-651DB9B276DB}.checked|x64.Build.0 = Release|x64
		{1521C29C-4176-4C41-901B-651DB9B276DB}.checked|x86.ActiveCfg = Release|Win32
		{1521C29C-4176-4C41-901B-651DB9B276DB}.checked|x86.Build.0 = Release|Win32
		{1521C29C-4176-4C41-901B-651DB9B276DB}.Debug|x64.ActiveCfg = Debug|x64
		{1521C29C-4176-4C41-901B-651DB9B276DB}.Debug|x64.Build.0 = Debug|x64
		{1521C29C-4176-4C41-901B-651DB9B276DB}.Debug|x86.ActiveCfg = Debug|Win32
		{1521C29C-4176-4C41-901B-651DB9B276DB}.Debug|x86.Build.0 = Debug|Win32
		{1521C29C-4176-4C41-901B-651DB9B276DB}.profile|x64.ActiveCfg = Release|x64
		{1521C29C-4176-4C41-901B-651DB9B276DB}.profile|x64.Build.0 = Release|x64
		{1521C29C-4176-4C41-901B-651DB9B276DB}.profile|x86.ActiveCfg = Release|Win32
		{1521C29C-4176-4C41-901B-651DB9B276DB}.profile|x86.Build.0 = Release|Win32
		{1521C29C-4176-4C41-901B-651DB9B276DB}.Release|x64.ActiveCfg = Release|x64
		{1521C29C-4176-4C41-901B-651DB9B276DB}.Release|x64.Build.0 = Release|x64
		{1521C29C-4176-4C41-901B-651DB9B276DB}.Release|x86.ActiveCfg = Release|Win32
		{1521C29C-4176-4C41-901B-651DB9B276DB}.Release|x86.Build.0 = Release|Win32
		{2E0FAE89-3833-4470-A887-BEFEB7F8F378}.checked|x64.ActiveCfg = Release|x64
		{2E0FAE89-3833-4470-A887-BEFEB7F8F378}.checked|x64.Build.0 = Release|x64
		{2E0FAE89-3833-4470-A887-BEFEB7F8F378}.checked|x86.ActiveCfg = Release|Win32
		{2E0FAE89-3833-4470-A887-BEFEB7F8F378}.checked|x86.Build.0 = Release|Win32
		{2E0FAE89-3833-4470-A887-BEFEB7F8F378}.Debug|x64.ActiveCfg = Debug|x64
		{2E0FAE89-3833-4470-A887-BEFEB7F8F378}.Debug|x64.Build.0 = Debug|x64
		{2E0FAE89-3833-4470-A887-BEFEB7F8F378}.Debug|x86.ActiveCfg = Debug|Win32
		{2E0FAE89-3833-4470-A887-BEFEB7F8F378}.Debug|x86.Build.0 = Debug|Win32
		{2E0FAE89-3833-4470-A887-BEFEB7F8F378}.profile|x64.ActiveCfg = Release|x64
		{2E0FAE89-3833-4470-A887-BEFEB7F8F378}.profile|x64.Build.0 = Release|x64
		{2E0FAE89-3833-4470-A887-BEFEB7F8F378}.profile|x86.ActiveCfg = Release|Win32
		{2E0FAE89-3833-4470-A887-BEFEB7F8F378}.profile|x86.Build.0 = Release|Win32
		{2E0FAE89-3833-4470-A887-BEFEB7F8F378}.Release|x64.ActiveCfg = Release|x64
		{2E0FAE89-3833-4470-A887-BEFEB7F8F378}.Release|x64.Build.0 = Release|x64
		{2E0FAE89-3833-4470-A887-BEFEB7F8F378}.Release|x86.ActiveCfg = Release|Win32
		{2E0FAE89-3833-4470-A887-BEFEB7F8F378}.Release|x86.Build.0 = Release|Win32
		{2B9F8E5A-1610-4238-90D1-31DE57D5A6EA}.checked|x64.ActiveCfg = Release|x64
		{2B9F8E5A-1610-4238-90D1-31DE57D5A6EA}.checked|x64.Build.0 = Release|x64
		{2B9F8E5A-1610-4238-90D1-31DE57D5A6EA}.checked|x86.ActiveCfg = Release|Win32
		{2B9F8E5A-1610-4238-90D1-31DE57D5A6EA}.checked|x86.Build.0 = Release|Win32
		{2B9F8E5A-1610-4238-90D1-31DE57D5A6EA}.Debug|x64.ActiveCfg = Debug|x64
		{2B9F8E5A-1610-4238-90D1-31DE57D5A6EA}.Debug|x64.Build.0 = Debug|x64
		{2B9F8E5A-1610-4238-90D1-31DE57D5A6EA}.Debug|x86.ActiveCfg = Debug|Win32
		{2B9F8E5A-1610-4238-90D1-31DE57D5A6EA}.Debug|x86.Build.0 = Debug|Win32
		{2B9F8E5A-1610-4238-90D1-31DE57D5A6EA}.profile|x64.ActiveCfg = Release|x64
		{2B9F8E5A-1610-4238-90D1-31DE57D5A6EA}.profile|x64.Build.0 = Release|x64
		{2B9F8E5A-1610-4238-90D1-31DE57D5A6EA}.profile|x86.ActiveCfg = Release|Win32
		{2B9F8E5A-1610-4238-90D1-31DE57D5A6EA}.profile|x86.Build.0 = Release|Win32
		{2B9F8E5A-1610-4238-90D1-31DE57D5A6EA}.Release|x64.ActiveCfg = Release|x64
		{2B9F8E5A-1610-4238-90D1-31DE57D5A6EA}.Release|x64.Build.0 = Release|x64
		{2B9F8E5A-1610-4238-90D1-31DE57D5A6EA}.Release|x86.ActiveCfg = Release|Win32
		{2B9F8E5A-1610-4238-90D1-31DE57D5A6EA}.Release|x86.Build.0 = Release|Win32
		{B8518CBF-2613-45DF-B996-ABFCB3275CF4}.checked|x64.ActiveCfg = Release|x64
		{B8518CBF-2613-45DF-B996-ABFCB3275CF4}.checked|x64.Build.0 = Release|x64
		{B8518CBF-2613-45DF-B996-ABFCB3275CF4}.checked|x86.ActiveCfg = Release|Win32
		{B8518CBF-2613-45DF-B996-ABFCB3275CF4}.checked|x86.Build.0 = Release|Win32
		{B8518CBF-2613-45DF-B996-ABFCB3275CF4}.Debug|x64.ActiveCfg = Debug|x64
		{B8518CBF-2613-45DF-B996-ABFCB3275CF4}.Debug|x64.Build.0 = Debug|x64
		{B8518CBF-2613-45DF-B996-ABFCB3275CF4}.Debug|x86.ActiveCfg = Debug|Win32
		{B8518CBF-2613-45DF-B996-ABFCB3275CF4}.Debug|x86.Build.0 = Debug|Win32
		{B8518CBF-2613-45DF-B996-ABFCB3275CF4}.profile|x64.ActiveCfg = Release|x64
		{B8518CBF-2613-45DF-B996-ABFCB3275CF4}.profile|x64.Build.0 = Release|x64
		{B8518CBF-2613-45DF-B996-ABFCB3275CF4}.profile|x86.ActiveCfg = Release|Win32
		{B8518CBF-2613-45DF-B996-ABFCB3275CF4}.profile|x86.Build.0 = Release|Win32
		{B8518CBF-2613-45DF-B996-ABFCB3275CF4}.Release|x64.ActiveCfg = Release|x64
		{B8518CBF-2613-45DF-B996-ABFCB3275CF4}.Release|x64.Build.0 = Release|x64
		{B8518CBF-2613-45DF-B996-ABFCB3275CF4}.Release|x86.ActiveCfg = Release|Win32
		{B8518CBF-2613-45DF-B996-ABFCB3275CF4}.Release|x86.Build.0 = Release|Win32
		{CD09C664-BCFE-4A70-9CB9-966E5EFB13B1}.checked|x64.ActiveCfg = Release|x64
		{CD09C664-BCFE-4A70-9CB9-966E5EFB13B1}.checked|x64.Build.0 = Release|x64
		{CD09C664-BCFE-4A70-9CB9-966E5EFB13B1}.checked|x86.ActiveCfg = Release|Win32
		{CD09C664-BCFE-4A70-9CB9-966E5EFB13B1}.checked|x86.Build.0 = Release|Win32
		{CD09C664-BCFE-4A70-9CB9-966E5EFB13B1}.Debug|x64.ActiveCfg = Debug|x64
		{CD09C664-BCFE-4A70-9CB9-966E5EFB13B1}.Debug|x64.Build.0 = Debug|x64
		{CD09C664-BCFE-4A70-9CB9-966E5EFB13B1}.Debug|x86.ActiveCfg = Debug|Win32
		{CD09C664-BCFE-4A70-9CB9-966E5EFB13B1}.Debug|x86.Build.0 = Debug|Win32
		{CD09C664-BCFE-4A70-9CB9-966E5EFB13B1}.profile|x64.ActiveCfg = Release|x64
		{CD09C664-BCFE-4A70-9CB9-966E5EFB13B1}.profile|x64.Build.0 = Release|x64
		{CD09C664-BCFE-4A70-9CB9-966E5EFB13B1}.profile|x86.ActiveCfg = Release|Win32
		{CD09C664-BCFE-4A70-9CB9-966E5EFB13B1}.profile|x86.Build.0 = Release|Win32
		{CD09C664-BCFE-4A70-9CB9-966E5EFB13B1}.Release|x64.ActiveCfg = Release|x64
		{CD09C664-BCFE-4A70-9CB9-966E5EFB13B1}.Release|x64.Build.0 = Release|x64
		{CD09C664-BCFE-4A70-9CB9-966E5EFB13B1}.Release|x86.ActiveCfg = Release|Win32
		{CD09C664-BCFE-4A70-9CB9-966E5EFB13B1}.Release|x86.Build.0 = Release|Win32
		{BE20739B-A7F0-43D1-97CF-D762B9C3B662}.checked|x64.ActiveCfg = Release|x64
		{BE20739B-A7F0-43D1-97CF-D762B9C3B662}.checked|x64.Build.0 = Release|x64
		{BE20739B-A7F0-43D1-97CF-D762B9C3B662}.checked|x86.ActiveCfg = Release|Win32
		{BE20739B-A7F0-43D1-97CF-D762B9C3B662}.checked|x86.Build.0 = Release|Win32
		{BE20739B-A7F0-43D1-97CF-D762B9C3B662}.Debug|x64.ActiveCfg = Debug|x64
		{BE20739B-A7F0-43D1-97CF-D762B9C3B662}.Debug|x64.Build.0 = Debug|x64
		{BE20739B-A7F0-43D1-97CF-D762B9C3B662}.Debug|x86.ActiveCfg = Debug|Win32
		{BE20739B-A7F0-43D1-97CF-D762B9C3B662}.Debug|x86.Build.0 = Debug|Win32
		{BE20739B-A7F0-43D1-97CF-D762B9C3B662}.profile|x64.ActiveCfg = Release|x64
		{BE20739B-A7F0-43D1-97CF-D762B9C3B662}.profile|x64.Build.0 = Release|x64
		{BE20739B-A7F0-43D1-97CF-D762B9C3B662}.profile|x86.ActiveCfg = Release|Win32
		{BE20739B-A7F0-43D1-97CF-D762B9C3B662}.profile|x86.Build.0 = Release|Win32
		{BE20739B-A7F0-43D1-97CF-D762B9C3B662}.Release|x64.ActiveCfg = Release|x64
		{BE20739B-A7F0-43D1-97CF-D762B9C3B662}.Release|x64.Build.0 = Release|x64
		{BE20739B-A7F0-43D1-97CF-D762B9C3B662}.Release|x86.ActiveCfg = Release|Win32
		{BE20739B-A7F0-43D1-97CF-D762B9C3B662}.Release|x86.Build.0 = Release|Win32
	EndGlobalSection
	GlobalSection(SolutionProperties) = preSolution
		HideSolutionNode = FALSE
	EndGlobalSection
	GlobalSection(NestedProjects) = preSolution
		{6FA7760C-0BAB-4DE1-AD1E-852503B4CC5F} = {AEE32666-1FF4-4448-93F6-70F6D7D215DA}
		{8301C749-3D75-4178-939D-756E28EBB382} = {AEE32666-1FF4-4448-93F6-70F6D7D215DA}
		{8F3F8401-8076-4911-85B8-7D6F0B1D40AA} = {AEE32666-1FF4-4448-93F6-70F6D7D215DA}
		{B6E3F301-1B15-4555-9015-6641AD02C854} = {F19D9E2F-D692-463B-8F37-DE945C12B1C4}
		{EA543983-9395-4332-B89A-82CB27AF1321} = {AEE32666-1FF4-4448-93F6-70F6D7D215DA}
		{9A145036-5060-497A-883A-8C4C7FFD4907} = {AEE32666-1FF4-4448-93F6-70F6D7D215DA}
		{26F95C66-3C81-4F7E-9C12-7C9C131B1248} = {AEE32666-1FF4-4448-93F6-70F6D7D215DA}
		{E0B52AE7-E160-4D32-BF3F-910B785E5A8E} = {83ACA0E7-E7E8-4F25-814D-753F6C4B9849}
		{4F150A30-CECB-49D1-8283-6A3F57438CF5} = {83ACA0E7-E7E8-4F25-814D-753F6C4B9849}
		{0C303866-5F23-4662-B7E7-8AD0398307FB} = {AEE32666-1FF4-4448-93F6-70F6D7D215DA}
		{D884534F-C580-49EE-A6CC-E10E4CA35BEA} = {AEE32666-1FF4-4448-93F6-70F6D7D215DA}
		{00B3EB27-4C83-4180-A22A-0D8E410F8D8D} = {83ACA0E7-E7E8-4F25-814D-753F6C4B9849}
		{B5D642E0-5F12-454E-A7A9-9EECE93D6051} = {63984726-3DEC-4A7E-963C-8FFFCEA3BE63}
		{C0E750BE-BA31-43BC-BE44-9341F5566BE5} = {547216F7-4277-4B5D-86F7-90BD1E68BE15}
		{BA5976A1-8F4D-4E09-B3E2-522D9014B5ED} = {4367C277-AC6D-4A02-A142-ABB0AB852A64}
		{FDDCDC18-6798-4660-B914-562D90A4D7A2} = {4367C277-AC6D-4A02-A142-ABB0AB852A64}
		{383ECBAD-E66D-4AA1-9024-A37A41FE823C} = {4367C277-AC6D-4A02-A142-ABB0AB852A64}
		{C3382180-4C5F-4FEE-8F33-A09A5F60AC3A} = {4367C277-AC6D-4A02-A142-ABB0AB852A64}
		{6F6AD4EE-B9A3-44D5-A070-867A58C66FD2} = {4367C277-AC6D-4A02-A142-ABB0AB852A64}
		{0342C63A-5283-4267-AD57-A9FBAE2C7602} = {E368F375-64B8-43AC-832C-F350212F4F63}
		{763F7492-1C1F-482D-A8BB-9082CCA570BA} = {B80B97D2-30A2-41AA-88F7-928D00BAACA6}
		{22C2AF84-8B3A-429E-BBA3-A4214C665622} = {40AB5446-672C-4461-8DD2-B754814845A9}
		{9DE44775-FD6E-4312-BF4A-5C533C3AEE39} = {40AB5446-672C-4461-8DD2-B754814845A9}
		{68863FB5-4BC2-4A9F-83F7-E5E0BA23F450} = {88789A52-6556-432F-85A3-AB07AD8F9638}
		{9DF70B1D-F60E-47FC-AFC7-CC7B5D42646D} = {EAD91C21-60F1-4565-B701-5CC511C83E4F}
		{898814B7-1843-4D0E-9F49-8EBCF4A04F2F} = {EAD91C21-60F1-4565-B701-5CC511C83E4F}
		{6C1A32E2-2DE9-4BE7-9B7C-9BCCD7D44418} = {EAD91C21-60F1-4565-B701-5CC511C83E4F}
		{02DC0CE5-72DF-4F89-8AF2-FF9C0E351A1A} = {EAD91C21-60F1-4565-B701-5CC511C83E4F}
		{29DCC40E-52D8-4D9E-88B4-86E1E4EB3B77} = {EAD91C21-60F1-4565-B701-5CC511C83E4F}
		{A5FC936B-F16F-48C5-8768-41D90669E0FC} = {EAD91C21-60F1-4565-B701-5CC511C83E4F}
		{FE71FD78-1DEA-41ED-B596-6CE129EE8219} = {83ACA0E7-E7E8-4F25-814D-753F6C4B9849}
		{CAA83830-2971-31F9-891B-33CBD5840D2D} = {FE71FD78-1DEA-41ED-B596-6CE129EE8219}
		{285062E9-35FD-3D8B-BB1C-416A992A1BC0} = {FE71FD78-1DEA-41ED-B596-6CE129EE8219}
		{836DAD6D-1598-36BD-B884-E083BA7760E6} = {FE71FD78-1DEA-41ED-B596-6CE129EE8219}
		{AAAE7566-7945-3633-8B12-8F6AB3671F0D} = {FE71FD78-1DEA-41ED-B596-6CE129EE8219}
		{56301F55-9EAA-3483-BABF-163C1BB48A98} = {FE71FD78-1DEA-41ED-B596-6CE129EE8219}
		{E743EE29-1BE7-3580-8FCF-97414654DD59} = {FE71FD78-1DEA-41ED-B596-6CE129EE8219}
		{CE5733D5-F113-365E-B16D-CDC815FB1DD6} = {FE71FD78-1DEA-41ED-B596-6CE129EE8219}
		{5A4D1B8D-EE2D-34FE-B0DF-CD4528114D10} = {FE71FD78-1DEA-41ED-B596-6CE129EE8219}
		{72030DCF-3ADF-3920-9B16-F9856D9B29CA} = {FE71FD78-1DEA-41ED-B596-6CE129EE8219}
		{8868EFB2-81EC-3E1E-ABB7-70AA65833DE1} = {FE71FD78-1DEA-41ED-B596-6CE129EE8219}
		{00AD5118-4E8E-361E-8DBB-35D6CB0420D5} = {FE71FD78-1DEA-41ED-B596-6CE129EE8219}
		{DBB38D53-954D-3EA2-8559-332E73CD4993} = {FE71FD78-1DEA-41ED-B596-6CE129EE8219}
		{739DC2F5-6C94-3658-B8AA-F3D35B175B0B} = {FE71FD78-1DEA-41ED-B596-6CE129EE8219}
		{CCE05965-15F5-3B50-8FA2-F54548890F93} = {FE71FD78-1DEA-41ED-B596-6CE129EE8219}
		{D4A36D7C-C9AA-3539-BFD6-CF5A3A00DA39} = {FE71FD78-1DEA-41ED-B596-6CE129EE8219}
		{6666AAA3-3144-4B89-92EC-9BF5000FDA15} = {40AB5446-672C-4461-8DD2-B754814845A9}
		{7615962C-6B7E-46DE-A714-8D77731C7605} = {88789A52-6556-432F-85A3-AB07AD8F9638}
		{309D0C9A-7809-4B7B-B5E7-28617D775F0E} = {88789A52-6556-432F-85A3-AB07AD8F9638}
		{B3B4C7FD-8DA0-4B83-9D2A-A03B377D7114} = {88789A52-6556-432F-85A3-AB07AD8F9638}
		{A12DFBA7-10FF-459E-A668-6893294C8F57} = {40AB5446-672C-4461-8DD2-B754814845A9}
		{AB33871D-57F6-4EC1-B5AD-607CD80C1461} = {88789A52-6556-432F-85A3-AB07AD8F9638}
		{D666C2B4-F095-42A0-8A46-7FFC7767FCA1} = {0FF0A7FB-D9C3-4522-9856-59F59F37C69F}
		{1521C29C-4176-4C41-901B-651DB9B276DB} = {C6B47672-C197-4012-B117-BA2F17A9CFAC}
		{2E0FAE89-3833-4470-A887-BEFEB7F8F378} = {E368F375-64B8-43AC-832C-F350212F4F63}
		{2B9F8E5A-1610-4238-90D1-31DE57D5A6EA} = {547216F7-4277-4B5D-86F7-90BD1E68BE15}
		{B8518CBF-2613-45DF-B996-ABFCB3275CF4} = {0FF0A7FB-D9C3-4522-9856-59F59F37C69F}
		{CD09C664-BCFE-4A70-9CB9-966E5EFB13B1} = {0FF0A7FB-D9C3-4522-9856-59F59F37C69F}
		{BE20739B-A7F0-43D1-97CF-D762B9C3B662} = {0FF0A7FB-D9C3-4522-9856-59F59F37C69F}
	EndGlobalSection
	GlobalSection(ExtensibilityGlobals) = postSolution
		SolutionGuid = {587895C2-3199-4089-9980-F13FF4476EF8}
	EndGlobalSection
EndGlobal
