<?xml version="1.0" encoding="utf-8"?>
<Project ToolsVersion="4.0" xmlns="http://schemas.microsoft.com/developer/msbuild/2003">
  <ItemGroup>
    <ClCompile Include="WinMain.cpp" />
    <ClCompile Include="TestShaderState.cpp">
      <Filter>State</Filter>
    </ClCompile>
  </ItemGroup>
  <ItemGroup>
    <Filter Include="State">
      <UniqueIdentifier>{4b8d085c-a2b8-4c13-a3a9-ef677d5d34be}</UniqueIdentifier>
    </Filter>
  </ItemGroup>
  <ItemGroup>
    <ClInclude Include="TestShaderState.h">
      <Filter>State</Filter>
    </ClInclude>
  </ItemGroup>
</Project>